// !$*UTF8*$!
{
	archiveVersion = 1;
	classes = {
	};
	objectVersion = 55;
	objects = {

/* Begin PBXBuildFile section */
		6C6824C42DE9E5E3007F5A69 /* Tests_iOS.swift in Sources */ = {isa = PBXBuildFile; fileRef = 6C6824C32DE9E5E3007F5A69 /* Tests_iOS.swift */; };
		6C6824C62DE9E5E3007F5A69 /* Tests_iOSLaunchTests.swift in Sources */ = {isa = PBXBuildFile; fileRef = 6C6824C52DE9E5E3007F5A69 /* Tests_iOSLaunchTests.swift */; };
		6C6824D02DE9E5E3007F5A69 /* Tests_macOS.swift in Sources */ = {isa = PBXBuildFile; fileRef = 6C6824CF2DE9E5E3007F5A69 /* Tests_macOS.swift */; };
		6C6824D22DE9E5E3007F5A69 /* Tests_macOSLaunchTests.swift in Sources */ = {isa = PBXBuildFile; fileRef = 6C6824D12DE9E5E3007F5A69 /* Tests_macOSLaunchTests.swift */; };
		6C6824D32DE9E5E3007F5A69 /* blackjckApp.swift in Sources */ = {isa = PBXBuildFile; fileRef = 6C6824AB2DE9E5D7007F5A69 /* blackjckApp.swift */; };
		6C6824D42DE9E5E3007F5A69 /* blackjckApp.swift in Sources */ = {isa = PBXBuildFile; fileRef = 6C6824AB2DE9E5D7007F5A69 /* blackjckApp.swift */; };
		6C6824D52DE9E5E3007F5A69 /* ContentView.swift in Sources */ = {isa = PBXBuildFile; fileRef = 6C6824AC2DE9E5D7007F5A69 /* ContentView.swift */; };
		6C6824D62DE9E5E3007F5A69 /* ContentView.swift in Sources */ = {isa = PBXBuildFile; fileRef = 6C6824AC2DE9E5D7007F5A69 /* ContentView.swift */; };
		6C6824D72DE9E5E3007F5A69 /* Assets.xcassets in Resources */ = {isa = PBXBuildFile; fileRef = 6C6824AD2DE9E5E3007F5A69 /* Assets.xcassets */; };
		6C6824D82DE9E5E3007F5A69 /* Assets.xcassets in Resources */ = {isa = PBXBuildFile; fileRef = 6C6824AD2DE9E5E3007F5A69 /* Assets.xcassets */; };
		6C6824E82DE9F693007F5A69 /* CardGame.swift in Sources */ = {isa = PBXBuildFile; fileRef = 6C6824E72DE9F692007F5A69 /* CardGame.swift */; };
		6C6824E92DE9F693007F5A69 /* CardGame.swift in Sources */ = {isa = PBXBuildFile; fileRef = 6C6824E72DE9F692007F5A69 /* CardGame.swift */; };
		6C6824EB2DEA1330007F5A69 /* BlackjackEmojiCardGame.swift in Sources */ = {isa = PBXBuildFile; fileRef = 6C6824EA2DEA1330007F5A69 /* BlackjackEmojiCardGame.swift */; };
		6C6824EC2DEA1330007F5A69 /* BlackjackEmojiCardGame.swift in Sources */ = {isa = PBXBuildFile; fileRef = 6C6824EA2DEA1330007F5A69 /* BlackjackEmojiCardGame.swift */; };
/* End PBXBuildFile section */

/* Begin PBXContainerItemProxy section */
		6C6824C02DE9E5E3007F5A69 /* PBXContainerItemProxy */ = {
			isa = PBXContainerItemProxy;
			containerPortal = 6C6824A62DE9E5D6007F5A69 /* Project object */;
			proxyType = 1;
			remoteGlobalIDString = 6C6824B12DE9E5E3007F5A69;
			remoteInfo = "blackjck (iOS)";
		};
		6C6824CC2DE9E5E3007F5A69 /* PBXContainerItemProxy */ = {
			isa = PBXContainerItemProxy;
			containerPortal = 6C6824A62DE9E5D6007F5A69 /* Project object */;
			proxyType = 1;
			remoteGlobalIDString = 6C6824B72DE9E5E3007F5A69;
			remoteInfo = "blackjck (macOS)";
		};
/* End PBXContainerItemProxy section */

/* Begin PBXFileReference section */
		6C6824AB2DE9E5D7007F5A69 /* blackjckApp.swift */ = {isa = PBXFileReference; lastKnownFileType = sourcecode.swift; path = blackjckApp.swift; sourceTree = "<group>"; };
		6C6824AC2DE9E5D7007F5A69 /* ContentView.swift */ = {isa = PBXFileReference; lastKnownFileType = sourcecode.swift; path = ContentView.swift; sourceTree = "<group>"; };
		6C6824AD2DE9E5E3007F5A69 /* Assets.xcassets */ = {isa = PBXFileReference; lastKnownFileType = folder.assetcatalog; path = Assets.xcassets; sourceTree = "<group>"; };
		6C6824B22DE9E5E3007F5A69 /* blackjck.app */ = {isa = PBXFileReference; explicitFileType = wrapper.application; includeInIndex = 0; path = blackjck.app; sourceTree = BUILT_PRODUCTS_DIR; };
		6C6824B82DE9E5E3007F5A69 /* blackjck.app */ = {isa = PBXFileReference; explicitFileType = wrapper.application; includeInIndex = 0; path = blackjck.app; sourceTree = BUILT_PRODUCTS_DIR; };
		6C6824BA2DE9E5E3007F5A69 /* macOS.entitlements */ = {isa = PBXFileReference; lastKnownFileType = text.plist.entitlements; path = macOS.entitlements; sourceTree = "<group>"; };
		6C6824BF2DE9E5E3007F5A69 /* Tests iOS.xctest */ = {isa = PBXFileReference; explicitFileType = wrapper.cfbundle; includeInIndex = 0; path = "Tests iOS.xctest"; sourceTree = BUILT_PRODUCTS_DIR; };
		6C6824C32DE9E5E3007F5A69 /* Tests_iOS.swift */ = {isa = PBXFileReference; lastKnownFileType = sourcecode.swift; path = Tests_iOS.swift; sourceTree = "<group>"; };
		6C6824C52DE9E5E3007F5A69 /* Tests_iOSLaunchTests.swift */ = {isa = PBXFileReference; lastKnownFileType = sourcecode.swift; path = Tests_iOSLaunchTests.swift; sourceTree = "<group>"; };
		6C6824CB2DE9E5E3007F5A69 /* Tests macOS.xctest */ = {isa = PBXFileReference; explicitFileType = wrapper.cfbundle; includeInIndex = 0; path = "Tests macOS.xctest"; sourceTree = BUILT_PRODUCTS_DIR; };
		6C6824CF2DE9E5E3007F5A69 /* Tests_macOS.swift */ = {isa = PBXFileReference; lastKnownFileType = sourcecode.swift; path = Tests_macOS.swift; sourceTree = "<group>"; };
		6C6824D12DE9E5E3007F5A69 /* Tests_macOSLaunchTests.swift */ = {isa = PBXFileReference; lastKnownFileType = sourcecode.swift; path = Tests_macOSLaunchTests.swift; sourceTree = "<group>"; };
		6C6824E72DE9F692007F5A69 /* CardGame.swift */ = {isa = PBXFileReference; lastKnownFileType = sourcecode.swift; path = CardGame.swift; sourceTree = "<group>"; };
		6C6824EA2DEA1330007F5A69 /* BlackjackEmojiCardGame.swift */ = {isa = PBXFileReference; lastKnownFileType = sourcecode.swift; path = BlackjackEmojiCardGame.swift; sourceTree = "<group>"; };
/* End PBXFileReference section */

/* Begin PBXFrameworksBuildPhase section */
		6C6824AF2DE9E5E3007F5A69 /* Frameworks */ = {
			isa = PBXFrameworksBuildPhase;
			buildActionMask = 2147483647;
			files = (
			);
			runOnlyForDeploymentPostprocessing = 0;
		};
		6C6824B52DE9E5E3007F5A69 /* Frameworks */ = {
			isa = PBXFrameworksBuildPhase;
			buildActionMask = 2147483647;
			files = (
			);
			runOnlyForDeploymentPostprocessing = 0;
		};
		6C6824BC2DE9E5E3007F5A69 /* Frameworks */ = {
			isa = PBXFrameworksBuildPhase;
			buildActionMask = 2147483647;
			files = (
			);
			runOnlyForDeploymentPostprocessing = 0;
		};
		6C6824C82DE9E5E3007F5A69 /* Frameworks */ = {
			isa = PBXFrameworksBuildPhase;
			buildActionMask = 2147483647;
			files = (
			);
			runOnlyForDeploymentPostprocessing = 0;
		};
/* End PBXFrameworksBuildPhase section */

/* Begin PBXGroup section */
		6C6824A52DE9E5D6007F5A69 = {
			isa = PBXGroup;
			children = (
				6C6824AA2DE9E5D6007F5A69 /* Shared */,
				6C6824B92DE9E5E3007F5A69 /* macOS */,
				6C6824C22DE9E5E3007F5A69 /* Tests iOS */,
				6C6824CE2DE9E5E3007F5A69 /* Tests macOS */,
				6C6824B32DE9E5E3007F5A69 /* Products */,
			);
			sourceTree = "<group>";
		};
		6C6824AA2DE9E5D6007F5A69 /* Shared */ = {
			isa = PBXGroup;
			children = (
				6C6824AB2DE9E5D7007F5A69 /* blackjckApp.swift */,
				6C6824AC2DE9E5D7007F5A69 /* ContentView.swift */,
				6C6824EA2DEA1330007F5A69 /* BlackjackEmojiCardGame.swift */,
				6C6824E72DE9F692007F5A69 /* CardGame.swift */,
				6C6824AD2DE9E5E3007F5A69 /* Assets.xcassets */,
			);
			path = Shared;
			sourceTree = "<group>";
		};
		6C6824B32DE9E5E3007F5A69 /* Products */ = {
			isa = PBXGroup;
			children = (
				6C6824B22DE9E5E3007F5A69 /* blackjck.app */,
				6C6824B82DE9E5E3007F5A69 /* blackjck.app */,
				6C6824BF2DE9E5E3007F5A69 /* Tests iOS.xctest */,
				6C6824CB2DE9E5E3007F5A69 /* Tests macOS.xctest */,
			);
			name = Products;
			sourceTree = "<group>";
		};
		6C6824B92DE9E5E3007F5A69 /* macOS */ = {
			isa = PBXGroup;
			children = (
				6C6824BA2DE9E5E3007F5A69 /* macOS.entitlements */,
			);
			path = macOS;
			sourceTree = "<group>";
		};
		6C6824C22DE9E5E3007F5A69 /* Tests iOS */ = {
			isa = PBXGroup;
			children = (
				6C6824C32DE9E5E3007F5A69 /* Tests_iOS.swift */,
				6C6824C52DE9E5E3007F5A69 /* Tests_iOSLaunchTests.swift */,
			);
			path = "Tests iOS";
			sourceTree = "<group>";
		};
		6C6824CE2DE9E5E3007F5A69 /* Tests macOS */ = {
			isa = PBXGroup;
			children = (
				6C6824CF2DE9E5E3007F5A69 /* Tests_macOS.swift */,
				6C6824D12DE9E5E3007F5A69 /* Tests_macOSLaunchTests.swift */,
			);
			path = "Tests macOS";
			sourceTree = "<group>";
		};
/* End PBXGroup section */

/* Begin PBXNativeTarget section */
		6C6824B12DE9E5E3007F5A69 /* blackjck (iOS) */ = {
			isa = PBXNativeTarget;
			buildConfigurationList = 6C6824DB2DE9E5E3007F5A69 /* Build configuration list for PBXNativeTarget "blackjck (iOS)" */;
			buildPhases = (
				6C6824AE2DE9E5E3007F5A69 /* Sources */,
				6C6824AF2DE9E5E3007F5A69 /* Frameworks */,
				6C6824B02DE9E5E3007F5A69 /* Resources */,
			);
			buildRules = (
			);
			dependencies = (
			);
			name = "blackjck (iOS)";
			productName = "blackjck (iOS)";
			productReference = 6C6824B22DE9E5E3007F5A69 /* blackjck.app */;
			productType = "com.apple.product-type.application";
		};
		6C6824B72DE9E5E3007F5A69 /* blackjck (macOS) */ = {
			isa = PBXNativeTarget;
			buildConfigurationList = 6C6824DE2DE9E5E3007F5A69 /* Build configuration list for PBXNativeTarget "blackjck (macOS)" */;
			buildPhases = (
				6C6824B42DE9E5E3007F5A69 /* Sources */,
				6C6824B52DE9E5E3007F5A69 /* Frameworks */,
				6C6824B62DE9E5E3007F5A69 /* Resources */,
			);
			buildRules = (
			);
			dependencies = (
			);
			name = "blackjck (macOS)";
			productName = "blackjck (macOS)";
			productReference = 6C6824B82DE9E5E3007F5A69 /* blackjck.app */;
			productType = "com.apple.product-type.application";
		};
		6C6824BE2DE9E5E3007F5A69 /* Tests iOS */ = {
			isa = PBXNativeTarget;
			buildConfigurationList = 6C6824E12DE9E5E3007F5A69 /* Build configuration list for PBXNativeTarget "Tests iOS" */;
			buildPhases = (
				6C6824BB2DE9E5E3007F5A69 /* Sources */,
				6C6824BC2DE9E5E3007F5A69 /* Frameworks */,
				6C6824BD2DE9E5E3007F5A69 /* Resources */,
			);
			buildRules = (
			);
			dependencies = (
				6C6824C12DE9E5E3007F5A69 /* PBXTargetDependency */,
			);
			name = "Tests iOS";
			productName = "Tests iOS";
			productReference = 6C6824BF2DE9E5E3007F5A69 /* Tests iOS.xctest */;
			productType = "com.apple.product-type.bundle.ui-testing";
		};
		6C6824CA2DE9E5E3007F5A69 /* Tests macOS */ = {
			isa = PBXNativeTarget;
			buildConfigurationList = 6C6824E42DE9E5E3007F5A69 /* Build configuration list for PBXNativeTarget "Tests macOS" */;
			buildPhases = (
				6C6824C72DE9E5E3007F5A69 /* Sources */,
				6C6824C82DE9E5E3007F5A69 /* Frameworks */,
				6C6824C92DE9E5E3007F5A69 /* Resources */,
			);
			buildRules = (
			);
			dependencies = (
				6C6824CD2DE9E5E3007F5A69 /* PBXTargetDependency */,
			);
			name = "Tests macOS";
			productName = "Tests macOS";
			productReference = 6C6824CB2DE9E5E3007F5A69 /* Tests macOS.xctest */;
			productType = "com.apple.product-type.bundle.ui-testing";
		};
/* End PBXNativeTarget section */

/* Begin PBXProject section */
		6C6824A62DE9E5D6007F5A69 /* Project object */ = {
			isa = PBXProject;
			attributes = {
				BuildIndependentTargetsInParallel = 1;
				LastSwiftUpdateCheck = 1320;
				LastUpgradeCheck = 1320;
				TargetAttributes = {
					6C6824B12DE9E5E3007F5A69 = {
						CreatedOnToolsVersion = 13.2.1;
					};
					6C6824B72DE9E5E3007F5A69 = {
						CreatedOnToolsVersion = 13.2.1;
					};
					6C6824BE2DE9E5E3007F5A69 = {
						CreatedOnToolsVersion = 13.2.1;
						TestTargetID = 6C6824B12DE9E5E3007F5A69;
					};
					6C6824CA2DE9E5E3007F5A69 = {
						CreatedOnToolsVersion = 13.2.1;
						TestTargetID = 6C6824B72DE9E5E3007F5A69;
					};
				};
			};
			buildConfigurationList = 6C6824A92DE9E5D6007F5A69 /* Build configuration list for PBXProject "blackjck" */;
			compatibilityVersion = "Xcode 13.0";
			developmentRegion = en;
			hasScannedForEncodings = 0;
			knownRegions = (
				en,
				Base,
			);
			mainGroup = 6C6824A52DE9E5D6007F5A69;
			productRefGroup = 6C6824B32DE9E5E3007F5A69 /* Products */;
			projectDirPath = "";
			projectRoot = "";
			targets = (
				6C6824B12DE9E5E3007F5A69 /* blackjck (iOS) */,
				6C6824B72DE9E5E3007F5A69 /* blackjck (macOS) */,
				6C6824BE2DE9E5E3007F5A69 /* Tests iOS */,
				6C6824CA2DE9E5E3007F5A69 /* Tests macOS */,
			);
		};
/* End PBXProject section */

/* Begin PBXResourcesBuildPhase section */
		6C6824B02DE9E5E3007F5A69 /* Resources */ = {
			isa = PBXResourcesBuildPhase;
			buildActionMask = 2147483647;
			files = (
				6C6824D72DE9E5E3007F5A69 /* Assets.xcassets in Resources */,
			);
			runOnlyForDeploymentPostprocessing = 0;
		};
		6C6824B62DE9E5E3007F5A69 /* Resources */ = {
			isa = PBXResourcesBuildPhase;
			buildActionMask = 2147483647;
			files = (
				6C6824D82DE9E5E3007F5A69 /* Assets.xcassets in Resources */,
			);
			runOnlyForDeploymentPostprocessing = 0;
		};
		6C6824BD2DE9E5E3007F5A69 /* Resources */ = {
			isa = PBXResourcesBuildPhase;
			buildActionMask = 2147483647;
			files = (
			);
			runOnlyForDeploymentPostprocessing = 0;
		};
		6C6824C92DE9E5E3007F5A69 /* Resources */ = {
			isa = PBXResourcesBuildPhase;
			buildActionMask = 2147483647;
			files = (
			);
			runOnlyForDeploymentPostprocessing = 0;
		};
/* End PBXResourcesBuildPhase section */

/* Begin PBXSourcesBuildPhase section */
		6C6824AE2DE9E5E3007F5A69 /* Sources */ = {
			isa = PBXSourcesBuildPhase;
			buildActionMask = 2147483647;
			files = (
				6C6824D52DE9E5E3007F5A69 /* ContentView.swift in Sources */,
				6C6824EB2DEA1330007F5A69 /* BlackjackEmojiCardGame.swift in Sources */,
				6C6824D32DE9E5E3007F5A69 /* blackjckApp.swift in Sources */,
				6C6824E82DE9F693007F5A69 /* CardGame.swift in Sources */,
			);
			runOnlyForDeploymentPostprocessing = 0;
		};
		6C6824B42DE9E5E3007F5A69 /* Sources */ = {
			isa = PBXSourcesBuildPhase;
			buildActionMask = 2147483647;
			files = (
				6C6824D62DE9E5E3007F5A69 /* ContentView.swift in Sources */,
				6C6824EC2DEA1330007F5A69 /* BlackjackEmojiCardGame.swift in Sources */,
				6C6824D42DE9E5E3007F5A69 /* blackjckApp.swift in Sources */,
				6C6824E92DE9F693007F5A69 /* CardGame.swift in Sources */,
			);
			runOnlyForDeploymentPostprocessing = 0;
		};
		6C6824BB2DE9E5E3007F5A69 /* Sources */ = {
			isa = PBXSourcesBuildPhase;
			buildActionMask = 2147483647;
			files = (
				6C6824C62DE9E5E3007F5A69 /* Tests_iOSLaunchTests.swift in Sources */,
				6C6824C42DE9E5E3007F5A69 /* Tests_iOS.swift in Sources */,
			);
			runOnlyForDeploymentPostprocessing = 0;
		};
		6C6824C72DE9E5E3007F5A69 /* Sources */ = {
			isa = PBXSourcesBuildPhase;
			buildActionMask = 2147483647;
			files = (
				6C6824D22DE9E5E3007F5A69 /* Tests_macOSLaunchTests.swift in Sources */,
				6C6824D02DE9E5E3007F5A69 /* Tests_macOS.swift in Sources */,
			);
			runOnlyForDeploymentPostprocessing = 0;
		};
/* End PBXSourcesBuildPhase section */

/* Begin PBXTargetDependency section */
		6C6824C12DE9E5E3007F5A69 /* PBXTargetDependency */ = {
			isa = PBXTargetDependency;
			target = 6C6824B12DE9E5E3007F5A69 /* blackjck (iOS) */;
			targetProxy = 6C6824C02DE9E5E3007F5A69 /* PBXContainerItemProxy */;
		};
		6C6824CD2DE9E5E3007F5A69 /* PBXTargetDependency */ = {
			isa = PBXTargetDependency;
			target = 6C6824B72DE9E5E3007F5A69 /* blackjck (macOS) */;
			targetProxy = 6C6824CC2DE9E5E3007F5A69 /* PBXContainerItemProxy */;
		};
/* End PBXTargetDependency section */

/* Begin XCBuildConfiguration section */
		6C6824D92DE9E5E3007F5A69 /* Debug */ = {
			isa = XCBuildConfiguration;
			buildSettings = {
				ALWAYS_SEARCH_USER_PATHS = NO;
				CLANG_ANALYZER_NONNULL = YES;
				CLANG_ANALYZER_NUMBER_OBJECT_CONVERSION = YES_AGGRESSIVE;
				CLANG_CXX_LANGUAGE_STANDARD = "gnu++17";
				CLANG_CXX_LIBRARY = "libc++";
				CLANG_ENABLE_MODULES = YES;
				CLANG_ENABLE_OBJC_ARC = YES;
				CLANG_ENABLE_OBJC_WEAK = YES;
				CLANG_WARN_BLOCK_CAPTURE_AUTORELEASING = YES;
				CLANG_WARN_BOOL_CONVERSION = YES;
				CLANG_WARN_COMMA = YES;
				CLANG_WARN_CONSTANT_CONVERSION = YES;
				CLANG_WARN_DEPRECATED_OBJC_IMPLEMENTATIONS = YES;
				CLANG_WARN_DIRECT_OBJC_ISA_USAGE = YES_ERROR;
				CLANG_WARN_DOCUMENTATION_COMMENTS = YES;
				CLANG_WARN_EMPTY_BODY = YES;
				CLANG_WARN_ENUM_CONVERSION = YES;
				CLANG_WARN_INFINITE_RECURSION = YES;
				CLANG_WARN_INT_CONVERSION = YES;
				CLANG_WARN_NON_LITERAL_NULL_CONVERSION = YES;
				CLANG_WARN_OBJC_IMPLICIT_RETAIN_SELF = YES;
				CLANG_WARN_OBJC_LITERAL_CONVERSION = YES;
				CLANG_WARN_OBJC_ROOT_CLASS = YES_ERROR;
				CLANG_WARN_QUOTED_INCLUDE_IN_FRAMEWORK_HEADER = YES;
				CLANG_WARN_RANGE_LOOP_ANALYSIS = YES;
				CLANG_WARN_STRICT_PROTOTYPES = YES;
				CLANG_WARN_SUSPICIOUS_MOVE = YES;
				CLANG_WARN_UNGUARDED_AVAILABILITY = YES_AGGRESSIVE;
				CLANG_WARN_UNREACHABLE_CODE = YES;
				CLANG_WARN__DUPLICATE_METHOD_MATCH = YES;
				COPY_PHASE_STRIP = NO;
				DEBUG_INFORMATION_FORMAT = dwarf;
				ENABLE_STRICT_OBJC_MSGSEND = YES;
				ENABLE_TESTABILITY = YES;
				GCC_C_LANGUAGE_STANDARD = gnu11;
				GCC_DYNAMIC_NO_PIC = NO;
				GCC_NO_COMMON_BLOCKS = YES;
				GCC_OPTIMIZATION_LEVEL = 0;
				GCC_PREPROCESSOR_DEFINITIONS = (
					"DEBUG=1",
					"$(inherited)",
				);
				GCC_WARN_64_TO_32_BIT_CONVERSION = YES;
				GCC_WARN_ABOUT_RETURN_TYPE = YES_ERROR;
				GCC_WARN_UNDECLARED_SELECTOR = YES;
				GCC_WARN_UNINITIALIZED_AUTOS = YES_AGGRESSIVE;
				GCC_WARN_UNUSED_FUNCTION = YES;
				GCC_WARN_UNUSED_VARIABLE = YES;
				MTL_ENABLE_DEBUG_INFO = INCLUDE_SOURCE;
				MTL_FAST_MATH = YES;
				ONLY_ACTIVE_ARCH = YES;
				SWIFT_ACTIVE_COMPILATION_CONDITIONS = DEBUG;
				SWIFT_OPTIMIZATION_LEVEL = "-Onone";
			};
			name = Debug;
		};
		6C6824DA2DE9E5E3007F5A69 /* Release */ = {
			isa = XCBuildConfiguration;
			buildSettings = {
				ALWAYS_SEARCH_USER_PATHS = NO;
				CLANG_ANALYZER_NONNULL = YES;
				CLANG_ANALYZER_NUMBER_OBJECT_CONVERSION = YES_AGGRESSIVE;
				CLANG_CXX_LANGUAGE_STANDARD = "gnu++17";
				CLANG_CXX_LIBRARY = "libc++";
				CLANG_ENABLE_MODULES = YES;
				CLANG_ENABLE_OBJC_ARC = YES;
				CLANG_ENABLE_OBJC_WEAK = YES;
				CLANG_WARN_BLOCK_CAPTURE_AUTORELEASING = YES;
				CLANG_WARN_BOOL_CONVERSION = YES;
				CLANG_WARN_COMMA = YES;
				CLANG_WARN_CONSTANT_CONVERSION = YES;
				CLANG_WARN_DEPRECATED_OBJC_IMPLEMENTATIONS = YES;
				CLANG_WARN_DIRECT_OBJC_ISA_USAGE = YES_ERROR;
				CLANG_WARN_DOCUMENTATION_COMMENTS = YES;
				CLANG_WARN_EMPTY_BODY = YES;
				CLANG_WARN_ENUM_CONVERSION = YES;
				CLANG_WARN_INFINITE_RECURSION = YES;
				CLANG_WARN_INT_CONVERSION = YES;
				CLANG_WARN_NON_LITERAL_NULL_CONVERSION = YES;
				CLANG_WARN_OBJC_IMPLICIT_RETAIN_SELF = YES;
				CLANG_WARN_OBJC_LITERAL_CONVERSION = YES;
				CLANG_WARN_OBJC_ROOT_CLASS = YES_ERROR;
				CLANG_WARN_QUOTED_INCLUDE_IN_FRAMEWORK_HEADER = YES;
				CLANG_WARN_RANGE_LOOP_ANALYSIS = YES;
				CLANG_WARN_STRICT_PROTOTYPES = YES;
				CLANG_WARN_SUSPICIOUS_MOVE = YES;
				CLANG_WARN_UNGUARDED_AVAILABILITY = YES_AGGRESSIVE;
				CLANG_WARN_UNREACHABLE_CODE = YES;
				CLANG_WARN__DUPLICATE_METHOD_MATCH = YES;
				COPY_PHASE_STRIP = NO;
				DEBUG_INFORMATION_FORMAT = "dwarf-with-dsym";
				ENABLE_NS_ASSERTIONS = NO;
				ENABLE_STRICT_OBJC_MSGSEND = YES;
				GCC_C_LANGUAGE_STANDARD = gnu11;
				GCC_NO_COMMON_BLOCKS = YES;
				GCC_WARN_64_TO_32_BIT_CONVERSION = YES;
				GCC_WARN_ABOUT_RETURN_TYPE = YES_ERROR;
				GCC_WARN_UNDECLARED_SELECTOR = YES;
				GCC_WARN_UNINITIALIZED_AUTOS = YES_AGGRESSIVE;
				GCC_WARN_UNUSED_FUNCTION = YES;
				GCC_WARN_UNUSED_VARIABLE = YES;
				MTL_ENABLE_DEBUG_INFO = NO;
				MTL_FAST_MATH = YES;
				SWIFT_COMPILATION_MODE = wholemodule;
				SWIFT_OPTIMIZATION_LEVEL = "-O";
			};
			name = Release;
		};
		6C6824DC2DE9E5E3007F5A69 /* Debug */ = {
			isa = XCBuildConfiguration;
			buildSettings = {
				ASSETCATALOG_COMPILER_APPICON_NAME = AppIcon;
				ASSETCATALOG_COMPILER_GLOBAL_ACCENT_COLOR_NAME = AccentColor;
				CODE_SIGN_STYLE = Automatic;
				CURRENT_PROJECT_VERSION = 1;
				ENABLE_PREVIEWS = YES;
				GENERATE_INFOPLIST_FILE = YES;
				INFOPLIST_KEY_UIApplicationSceneManifest_Generation = YES;
				INFOPLIST_KEY_UIApplicationSupportsIndirectInputEvents = YES;
				INFOPLIST_KEY_UILaunchScreen_Generation = YES;
				INFOPLIST_KEY_UISupportedInterfaceOrientations_iPad = "UIInterfaceOrientationPortrait UIInterfaceOrientationPortraitUpsideDown UIInterfaceOrientationLandscapeLeft UIInterfaceOrientationLandscapeRight";
				INFOPLIST_KEY_UISupportedInterfaceOrientations_iPhone = "UIInterfaceOrientationPortrait UIInterfaceOrientationLandscapeLeft UIInterfaceOrientationLandscapeRight";
				IPHONEOS_DEPLOYMENT_TARGET = 15.2;
				LD_RUNPATH_SEARCH_PATHS = (
					"$(inherited)",
					"@executable_path/Frameworks",
				);
				MARKETING_VERSION = 1.0;
				PRODUCT_BUNDLE_IDENTIFIER = eumesmo.blackjck;
				PRODUCT_NAME = blackjck;
				SDKROOT = iphoneos;
				SWIFT_EMIT_LOC_STRINGS = YES;
				SWIFT_VERSION = 5.0;
				TARGETED_DEVICE_FAMILY = "1,2";
			};
			name = Debug;
		};
		6C6824DD2DE9E5E3007F5A69 /* Release */ = {
			isa = XCBuildConfiguration;
			buildSettings = {
				ASSETCATALOG_COMPILER_APPICON_NAME = AppIcon;
				ASSETCATALOG_COMPILER_GLOBAL_ACCENT_COLOR_NAME = AccentColor;
				CODE_SIGN_STYLE = Automatic;
				CURRENT_PROJECT_VERSION = 1;
				ENABLE_PREVIEWS = YES;
				GENERATE_INFOPLIST_FILE = YES;
				INFOPLIST_KEY_UIApplicationSceneManifest_Generation = YES;
				INFOPLIST_KEY_UIApplicationSupportsIndirectInputEvents = YES;
				INFOPLIST_KEY_UILaunchScreen_Generation = YES;
				INFOPLIST_KEY_UISupportedInterfaceOrientations_iPad = "UIInterfaceOrientationPortrait UIInterfaceOrientationPortraitUpsideDown UIInterfaceOrientationLandscapeLeft UIInterfaceOrientationLandscapeRight";
				INFOPLIST_KEY_UISupportedInterfaceOrientations_iPhone = "UIInterfaceOrientationPortrait UIInterfaceOrientationLandscapeLeft UIInterfaceOrientationLandscapeRight";
				IPHONEOS_DEPLOYMENT_TARGET = 15.2;
				LD_RUNPATH_SEARCH_PATHS = (
					"$(inherited)",
					"@executable_path/Frameworks",
				);
				MARKETING_VERSION = 1.0;
				PRODUCT_BUNDLE_IDENTIFIER = eumesmo.blackjck;
				PRODUCT_NAME = blackjck;
				SDKROOT = iphoneos;
				SWIFT_EMIT_LOC_STRINGS = YES;
				SWIFT_VERSION = 5.0;
				TARGETED_DEVICE_FAMILY = "1,2";
				VALIDATE_PRODUCT = YES;
			};
			name = Release;
		};
		6C6824DF2DE9E5E3007F5A69 /* Debug */ = {
			isa = XCBuildConfiguration;
			buildSettings = {
				ASSETCATALOG_COMPILER_APPICON_NAME = AppIcon;
				ASSETCATALOG_COMPILER_GLOBAL_ACCENT_COLOR_NAME = AccentColor;
				CODE_SIGN_ENTITLEMENTS = macOS/macOS.entitlements;
				CODE_SIGN_STYLE = Automatic;
				COMBINE_HIDPI_IMAGES = YES;
				CURRENT_PROJECT_VERSION = 1;
				ENABLE_PREVIEWS = YES;
				GENERATE_INFOPLIST_FILE = YES;
				INFOPLIST_KEY_NSHumanReadableCopyright = "";
				LD_RUNPATH_SEARCH_PATHS = (
					"$(inherited)",
					"@executable_path/../Frameworks",
				);
				MACOSX_DEPLOYMENT_TARGET = 11.7;
				MARKETING_VERSION = 1.0;
				PRODUCT_BUNDLE_IDENTIFIER = eumesmo.blackjck;
				PRODUCT_NAME = blackjck;
				SDKROOT = macosx;
				SWIFT_EMIT_LOC_STRINGS = YES;
				SWIFT_VERSION = 5.0;
			};
			name = Debug;
		};
		6C6824E02DE9E5E3007F5A69 /* Release */ = {
			isa = XCBuildConfiguration;
			buildSettings = {
				ASSETCATALOG_COMPILER_APPICON_NAME = AppIcon;
				ASSETCATALOG_COMPILER_GLOBAL_ACCENT_COLOR_NAME = AccentColor;
				CODE_SIGN_ENTITLEMENTS = macOS/macOS.entitlements;
				CODE_SIGN_STYLE = Automatic;
				COMBINE_HIDPI_IMAGES = YES;
				CURRENT_PROJECT_VERSION = 1;
				ENABLE_PREVIEWS = YES;
				GENERATE_INFOPLIST_FILE = YES;
				INFOPLIST_KEY_NSHumanReadableCopyright = "";
				LD_RUNPATH_SEARCH_PATHS = (
					"$(inherited)",
					"@executable_path/../Frameworks",
				);
				MACOSX_DEPLOYMENT_TARGET = 11.7;
				MARKETING_VERSION = 1.0;
				PRODUCT_BUNDLE_IDENTIFIER = eumesmo.blackjck;
				PRODUCT_NAME = blackjck;
				SDKROOT = macosx;
				SWIFT_EMIT_LOC_STRINGS = YES;
				SWIFT_VERSION = 5.0;
			};
			name = Release;
		};
		6C6824E22DE9E5E3007F5A69 /* Debug */ = {
			isa = XCBuildConfiguration;
			buildSettings = {
				ALWAYS_EMBED_SWIFT_STANDARD_LIBRARIES = YES;
				CODE_SIGN_STYLE = Automatic;
				CURRENT_PROJECT_VERSION = 1;
				GENERATE_INFOPLIST_FILE = YES;
				IPHONEOS_DEPLOYMENT_TARGET = 15.2;
				MARKETING_VERSION = 1.0;
				PRODUCT_BUNDLE_IDENTIFIER = "eumesmo.Tests-iOS";
				PRODUCT_NAME = "$(TARGET_NAME)";
				SDKROOT = iphoneos;
				SWIFT_EMIT_LOC_STRINGS = NO;
				SWIFT_VERSION = 5.0;
				TARGETED_DEVICE_FAMILY = "1,2";
				TEST_TARGET_NAME = "blackjck (iOS)";
			};
			name = Debug;
		};
		6C6824E32DE9E5E3007F5A69 /* Release */ = {
			isa = XCBuildConfiguration;
			buildSettings = {
				ALWAYS_EMBED_SWIFT_STANDARD_LIBRARIES = YES;
				CODE_SIGN_STYLE = Automatic;
				CURRENT_PROJECT_VERSION = 1;
				GENERATE_INFOPLIST_FILE = YES;
				IPHONEOS_DEPLOYMENT_TARGET = 15.2;
				MARKETING_VERSION = 1.0;
				PRODUCT_BUNDLE_IDENTIFIER = "eumesmo.Tests-iOS";
				PRODUCT_NAME = "$(TARGET_NAME)";
				SDKROOT = iphoneos;
				SWIFT_EMIT_LOC_STRINGS = NO;
				SWIFT_VERSION = 5.0;
				TARGETED_DEVICE_FAMILY = "1,2";
				TEST_TARGET_NAME = "blackjck (iOS)";
				VALIDATE_PRODUCT = YES;
			};
			name = Release;
		};
		6C6824E52DE9E5E3007F5A69 /* Debug */ = {
			isa = XCBuildConfiguration;
			buildSettings = {
				ALWAYS_EMBED_SWIFT_STANDARD_LIBRARIES = YES;
				CODE_SIGN_STYLE = Automatic;
				CURRENT_PROJECT_VERSION = 1;
				GENERATE_INFOPLIST_FILE = YES;
				MACOSX_DEPLOYMENT_TARGET = 11.7;
				MARKETING_VERSION = 1.0;
				PRODUCT_BUNDLE_IDENTIFIER = "eumesmo.Tests-macOS";
				PRODUCT_NAME = "$(TARGET_NAME)";
				SDKROOT = macosx;
				SWIFT_EMIT_LOC_STRINGS = NO;
				SWIFT_VERSION = 5.0;
				TEST_TARGET_NAME = "blackjck (macOS)";
			};
			name = Debug;
		};
		6C6824E62DE9E5E3007F5A69 /* Release */ = {
			isa = XCBuildConfiguration;
			buildSettings = {
				ALWAYS_EMBED_SWIFT_STANDARD_LIBRARIES = YES;
				CODE_SIGN_STYLE = Automatic;
				CURRENT_PROJECT_VERSION = 1;
				GENERATE_INFOPLIST_FILE = YES;
				MACOSX_DEPLOYMENT_TARGET = 11.7;
				MARKETING_VERSION = 1.0;
				PRODUCT_BUNDLE_IDENTIFIER = "eumesmo.Tests-macOS";
				PRODUCT_NAME = "$(TARGET_NAME)";
				SDKROOT = macosx;
				SWIFT_EMIT_LOC_STRINGS = NO;
				SWIFT_VERSION = 5.0;
				TEST_TARGET_NAME = "blackjck (macOS)";
			};
			name = Release;
		};
/* End XCBuildConfiguration section */

/* Begin XCConfigurationList section */
		6C6824A92DE9E5D6007F5A69 /* Build configuration list for PBXProject "blackjck" */ = {
			isa = XCConfigurationList;
			buildConfigurations = (
				6C6824D92DE9E5E3007F5A69 /* Debug */,
				6C6824DA2DE9E5E3007F5A69 /* Release */,
			);
			defaultConfigurationIsVisible = 0;
			defaultConfigurationName = Release;
		};
		6C6824DB2DE9E5E3007F5A69 /* Build configuration list for PBXNativeTarget "blackjck (iOS)" */ = {
			isa = XCConfigurationList;
			buildConfigurations = (
				6C6824DC2DE9E5E3007F5A69 /* Debug */,
				6C6824DD2DE9E5E3007F5A69 /* Release */,
			);
			defaultConfigurationIsVisible = 0;
			defaultConfigurationName = Release;
		};
		6C6824DE2DE9E5E3007F5A69 /* Build configuration list for PBXNativeTarget "blackjck (macOS)" */ = {
			isa = XCConfigurationList;
			buildConfigurations = (
				6C6824DF2DE9E5E3007F5A69 /* Debug */,
				6C6824E02DE9E5E3007F5A69 /* Release */,
			);
			defaultConfigurationIsVisible = 0;
			defaultConfigurationName = Release;
		};
		6C6824E12DE9E5E3007F5A69 /* Build configuration list for PBXNativeTarget "Tests iOS" */ = {
			isa = XCConfigurationList;
			buildConfigurations = (
				6C6824E22DE9E5E3007F5A69 /* Debug */,
				6C6824E32DE9E5E3007F5A69 /* Release */,
			);
			defaultConfigurationIsVisible = 0;
			defaultConfigurationName = Release;
		};
		6C6824E42DE9E5E3007F5A69 /* Build configuration list for PBXNativeTarget "Tests macOS" */ = {
			isa = XCConfigurationList;
			buildConfigurations = (
				6C6824E52DE9E5E3007F5A69 /* Debug */,
				6C6824E62DE9E5E3007F5A69 /* Release */,
			);
			defaultConfigurationIsVisible = 0;
			defaultConfigurationName = Release;
		};
/* End XCConfigurationList section */
	};
	rootObject = 6C6824A62DE9E5D6007F5A69 /* Project object */;
}
