// !$*UTF8*$!
{
	archiveVersion = 1;
	classes = {
	};
	objectVersion = 55;
	objects = {

/* Begin PBXBuildFile section */
		6C254F992DF71FD100FE15F5 /* CinemaLaunchScreen.storyboard in Resources */ = {isa = PBXBuildFile; fileRef = 6C254F982DF71FD000FE15F5 /* CinemaLaunchScreen.storyboard */; };
		6C254F9A2DF71FD100FE15F5 /* CinemaLaunchScreen.storyboard in Resources */ = {isa = PBXBuildFile; fileRef = 6C254F982DF71FD000FE15F5 /* CinemaLaunchScreen.storyboard */; };
		6C254F9C2DF7268B00FE15F5 /* MovieOnListView.swift in Sources */ = {isa = PBXBuildFile; fileRef = 6C254F9B2DF7268A00FE15F5 /* MovieOnListView.swift */; };
		6C254F9D2DF7268B00FE15F5 /* MovieOnListView.swift in Sources */ = {isa = PBXBuildFile; fileRef = 6C254F9B2DF7268A00FE15F5 /* MovieOnListView.swift */; };
		6C75ABA42DFC738200E8EEC3 /* MovieErrors.swift in Sources */ = {isa = PBXBuildFile; fileRef = 6C75ABA32DFC738200E8EEC3 /* MovieErrors.swift */; };
		6C75ABA52DFC738200E8EEC3 /* MovieErrors.swift in Sources */ = {isa = PBXBuildFile; fileRef = 6C75ABA32DFC738200E8EEC3 /* MovieErrors.swift */; };
		6C7E3CFE2E003490005E3B54 /* MovieService.swift in Sources */ = {isa = PBXBuildFile; fileRef = 6C7E3CFD2E003490005E3B54 /* MovieService.swift */; };
		6C7E3CFF2E003490005E3B54 /* MovieService.swift in Sources */ = {isa = PBXBuildFile; fileRef = 6C7E3CFD2E003490005E3B54 /* MovieService.swift */; };
		6C7E3D012E0034CC005E3B54 /* MovieDTO.swift in Sources */ = {isa = PBXBuildFile; fileRef = 6C7E3D002E0034CC005E3B54 /* MovieDTO.swift */; };
		6C7E3D022E0034CC005E3B54 /* MovieDTO.swift in Sources */ = {isa = PBXBuildFile; fileRef = 6C7E3D002E0034CC005E3B54 /* MovieDTO.swift */; };
		6C95D3D92E00798700263E37 /* Secrets.xcconfig in Resources */ = {isa = PBXBuildFile; fileRef = 6C95D3D82E00798600263E37 /* Secrets.xcconfig */; };
		6C95D3DA2E00798700263E37 /* Secrets.xcconfig in Resources */ = {isa = PBXBuildFile; fileRef = 6C95D3D82E00798600263E37 /* Secrets.xcconfig */; };
		6CB2AB2E2DF31ABE00916D24 /* Tests_iOS.swift in Sources */ = {isa = PBXBuildFile; fileRef = 6CB2AB2D2DF31ABE00916D24 /* Tests_iOS.swift */; };
		6CB2AB302DF31ABE00916D24 /* Tests_iOSLaunchTests.swift in Sources */ = {isa = PBXBuildFile; fileRef = 6CB2AB2F2DF31ABE00916D24 /* Tests_iOSLaunchTests.swift */; };
		6CB2AB3A2DF31ABE00916D24 /* Tests_macOS.swift in Sources */ = {isa = PBXBuildFile; fileRef = 6CB2AB392DF31ABE00916D24 /* Tests_macOS.swift */; };
		6CB2AB3C2DF31ABE00916D24 /* Tests_macOSLaunchTests.swift in Sources */ = {isa = PBXBuildFile; fileRef = 6CB2AB3B2DF31ABE00916D24 /* Tests_macOSLaunchTests.swift */; };
		6CB2AB3D2DF31ABE00916D24 /* spmApp.swift in Sources */ = {isa = PBXBuildFile; fileRef = 6CB2AB152DF31AB100916D24 /* spmApp.swift */; };
		6CB2AB3E2DF31ABE00916D24 /* spmApp.swift in Sources */ = {isa = PBXBuildFile; fileRef = 6CB2AB152DF31AB100916D24 /* spmApp.swift */; };
		6CB2AB3F2DF31ABE00916D24 /* ContentView.swift in Sources */ = {isa = PBXBuildFile; fileRef = 6CB2AB162DF31AB100916D24 /* ContentView.swift */; };
		6CB2AB402DF31ABE00916D24 /* ContentView.swift in Sources */ = {isa = PBXBuildFile; fileRef = 6CB2AB162DF31AB100916D24 /* ContentView.swift */; };
		6CB2AB412DF31ABE00916D24 /* Assets.xcassets in Resources */ = {isa = PBXBuildFile; fileRef = 6CB2AB172DF31ABE00916D24 /* Assets.xcassets */; };
		6CB2AB422DF31ABE00916D24 /* Assets.xcassets in Resources */ = {isa = PBXBuildFile; fileRef = 6CB2AB172DF31ABE00916D24 /* Assets.xcassets */; };
		6CB2AB532DF3286F00916D24 /* SwiftDate in Frameworks */ = {isa = PBXBuildFile; productRef = 6CB2AB522DF3286F00916D24 /* SwiftDate */; };
		6CB2AB552DF353BF00916D24 /* Cinema.swift in Sources */ = {isa = PBXBuildFile; fileRef = 6CB2AB542DF353BE00916D24 /* Cinema.swift */; };
		6CB2AB562DF353BF00916D24 /* Cinema.swift in Sources */ = {isa = PBXBuildFile; fileRef = 6CB2AB542DF353BE00916D24 /* Cinema.swift */; };
		6CB2AB582DF3555200916D24 /* CompanySystemViewModel.swift in Sources */ = {isa = PBXBuildFile; fileRef = 6CB2AB572DF3555200916D24 /* CompanySystemViewModel.swift */; };
		6CB2AB592DF3555200916D24 /* CompanySystemViewModel.swift in Sources */ = {isa = PBXBuildFile; fileRef = 6CB2AB572DF3555200916D24 /* CompanySystemViewModel.swift */; };
		6CF3238E2DF9DFB3007E1429 /* Theme.swift in Sources */ = {isa = PBXBuildFile; fileRef = 6CF3238D2DF9DFB2007E1429 /* Theme.swift */; };
		6CF3238F2DF9DFB3007E1429 /* Theme.swift in Sources */ = {isa = PBXBuildFile; fileRef = 6CF3238D2DF9DFB2007E1429 /* Theme.swift */; };
		6CF323912DF9E148007E1429 /* ThemeViewModel.swift in Sources */ = {isa = PBXBuildFile; fileRef = 6CF323902DF9E148007E1429 /* ThemeViewModel.swift */; };
		6CF323922DF9E148007E1429 /* ThemeViewModel.swift in Sources */ = {isa = PBXBuildFile; fileRef = 6CF323902DF9E148007E1429 /* ThemeViewModel.swift */; };
		6CF323942DF9E19C007E1429 /* ThemeManager.swift in Sources */ = {isa = PBXBuildFile; fileRef = 6CF323932DF9E19C007E1429 /* ThemeManager.swift */; };
		6CF323952DF9E19C007E1429 /* ThemeManager.swift in Sources */ = {isa = PBXBuildFile; fileRef = 6CF323932DF9E19C007E1429 /* ThemeManager.swift */; };
		6CFF8D0C2DF8615600196DFA /* MovieDetails.swift in Sources */ = {isa = PBXBuildFile; fileRef = 6CFF8D0B2DF8615600196DFA /* MovieDetails.swift */; };
		6CFF8D0D2DF8615600196DFA /* MovieDetails.swift in Sources */ = {isa = PBXBuildFile; fileRef = 6CFF8D0B2DF8615600196DFA /* MovieDetails.swift */; };
		6CFF8D0F2DF86E7300196DFA /* Stringextensions.swift in Sources */ = {isa = PBXBuildFile; fileRef = 6CFF8D0E2DF86E7300196DFA /* Stringextensions.swift */; };
		6CFF8D102DF86E7300196DFA /* Stringextensions.swift in Sources */ = {isa = PBXBuildFile; fileRef = 6CFF8D0E2DF86E7300196DFA /* Stringextensions.swift */; };
/* End PBXBuildFile section */

/* Begin PBXContainerItemProxy section */
		6CB2AB2A2DF31ABE00916D24 /* PBXContainerItemProxy */ = {
			isa = PBXContainerItemProxy;
			containerPortal = 6CB2AB102DF31AB000916D24 /* Project object */;
			proxyType = 1;
			remoteGlobalIDString = 6CB2AB1B2DF31ABE00916D24;
			remoteInfo = "spm (iOS)";
		};
		6CB2AB362DF31ABE00916D24 /* PBXContainerItemProxy */ = {
			isa = PBXContainerItemProxy;
			containerPortal = 6CB2AB102DF31AB000916D24 /* Project object */;
			proxyType = 1;
			remoteGlobalIDString = 6CB2AB212DF31ABE00916D24;
			remoteInfo = "spm (macOS)";
		};
/* End PBXContainerItemProxy section */

/* Begin PBXFileReference section */
		6C254F982DF71FD000FE15F5 /* CinemaLaunchScreen.storyboard */ = {isa = PBXFileReference; lastKnownFileType = file.storyboard; path = CinemaLaunchScreen.storyboard; sourceTree = "<group>"; };
		6C254F9B2DF7268A00FE15F5 /* MovieOnListView.swift */ = {isa = PBXFileReference; lastKnownFileType = sourcecode.swift; path = MovieOnListView.swift; sourceTree = "<group>"; };
		6C75ABA32DFC738200E8EEC3 /* MovieErrors.swift */ = {isa = PBXFileReference; lastKnownFileType = sourcecode.swift; path = MovieErrors.swift; sourceTree = "<group>"; };
		6C7E3CFD2E003490005E3B54 /* MovieService.swift */ = {isa = PBXFileReference; lastKnownFileType = sourcecode.swift; path = MovieService.swift; sourceTree = "<group>"; };
		6C7E3D002E0034CC005E3B54 /* MovieDTO.swift */ = {isa = PBXFileReference; lastKnownFileType = sourcecode.swift; path = MovieDTO.swift; sourceTree = "<group>"; };
		6C95D3D82E00798600263E37 /* Secrets.xcconfig */ = {isa = PBXFileReference; lastKnownFileType = text.xcconfig; path = Secrets.xcconfig; sourceTree = "<group>"; };
		6CA028D52E01968500F1F906 /* spm--macOS--Info.plist */ = {isa = PBXFileReference; lastKnownFileType = text.plist; path = "spm--macOS--Info.plist"; sourceTree = "<group>"; };
		6CA028D62E019EAD00F1F906 /* spm--iOS--Info.plist */ = {isa = PBXFileReference; lastKnownFileType = text.plist; path = "spm--iOS--Info.plist"; sourceTree = "<group>"; };
		6CB2AB152DF31AB100916D24 /* spmApp.swift */ = {isa = PBXFileReference; lastKnownFileType = sourcecode.swift; path = spmApp.swift; sourceTree = "<group>"; };
		6CB2AB162DF31AB100916D24 /* ContentView.swift */ = {isa = PBXFileReference; lastKnownFileType = sourcecode.swift; path = ContentView.swift; sourceTree = "<group>"; };
		6CB2AB172DF31ABE00916D24 /* Assets.xcassets */ = {isa = PBXFileReference; lastKnownFileType = folder.assetcatalog; path = Assets.xcassets; sourceTree = "<group>"; };
		6CB2AB1C2DF31ABE00916D24 /* spm.app */ = {isa = PBXFileReference; explicitFileType = wrapper.application; includeInIndex = 0; path = spm.app; sourceTree = BUILT_PRODUCTS_DIR; };
		6CB2AB222DF31ABE00916D24 /* spm.app */ = {isa = PBXFileReference; explicitFileType = wrapper.application; includeInIndex = 0; path = spm.app; sourceTree = BUILT_PRODUCTS_DIR; };
		6CB2AB242DF31ABE00916D24 /* macOS.entitlements */ = {isa = PBXFileReference; lastKnownFileType = text.plist.entitlements; path = macOS.entitlements; sourceTree = "<group>"; };
		6CB2AB292DF31ABE00916D24 /* Tests iOS.xctest */ = {isa = PBXFileReference; explicitFileType = wrapper.cfbundle; includeInIndex = 0; path = "Tests iOS.xctest"; sourceTree = BUILT_PRODUCTS_DIR; };
		6CB2AB2D2DF31ABE00916D24 /* Tests_iOS.swift */ = {isa = PBXFileReference; lastKnownFileType = sourcecode.swift; path = Tests_iOS.swift; sourceTree = "<group>"; };
		6CB2AB2F2DF31ABE00916D24 /* Tests_iOSLaunchTests.swift */ = {isa = PBXFileReference; lastKnownFileType = sourcecode.swift; path = Tests_iOSLaunchTests.swift; sourceTree = "<group>"; };
		6CB2AB352DF31ABE00916D24 /* Tests macOS.xctest */ = {isa = PBXFileReference; explicitFileType = wrapper.cfbundle; includeInIndex = 0; path = "Tests macOS.xctest"; sourceTree = BUILT_PRODUCTS_DIR; };
		6CB2AB392DF31ABE00916D24 /* Tests_macOS.swift */ = {isa = PBXFileReference; lastKnownFileType = sourcecode.swift; path = Tests_macOS.swift; sourceTree = "<group>"; };
		6CB2AB3B2DF31ABE00916D24 /* Tests_macOSLaunchTests.swift */ = {isa = PBXFileReference; lastKnownFileType = sourcecode.swift; path = Tests_macOSLaunchTests.swift; sourceTree = "<group>"; };
		6CB2AB542DF353BE00916D24 /* Cinema.swift */ = {isa = PBXFileReference; lastKnownFileType = sourcecode.swift; path = Cinema.swift; sourceTree = "<group>"; };
		6CB2AB572DF3555200916D24 /* CompanySystemViewModel.swift */ = {isa = PBXFileReference; lastKnownFileType = sourcecode.swift; path = CompanySystemViewModel.swift; sourceTree = "<group>"; };
		6CF3238D2DF9DFB2007E1429 /* Theme.swift */ = {isa = PBXFileReference; lastKnownFileType = sourcecode.swift; path = Theme.swift; sourceTree = "<group>"; };
		6CF323902DF9E148007E1429 /* ThemeViewModel.swift */ = {isa = PBXFileReference; lastKnownFileType = sourcecode.swift; path = ThemeViewModel.swift; sourceTree = "<group>"; };
		6CF323932DF9E19C007E1429 /* ThemeManager.swift */ = {isa = PBXFileReference; lastKnownFileType = sourcecode.swift; path = ThemeManager.swift; sourceTree = "<group>"; };
		6CFF8D0B2DF8615600196DFA /* MovieDetails.swift */ = {isa = PBXFileReference; lastKnownFileType = sourcecode.swift; path = MovieDetails.swift; sourceTree = "<group>"; };
		6CFF8D0E2DF86E7300196DFA /* Stringextensions.swift */ = {isa = PBXFileReference; lastKnownFileType = sourcecode.swift; path = Stringextensions.swift; sourceTree = "<group>"; };
/* End PBXFileReference section */

/* Begin PBXFrameworksBuildPhase section */
		6CB2AB192DF31ABE00916D24 /* Frameworks */ = {
			isa = PBXFrameworksBuildPhase;
			buildActionMask = 2147483647;
			files = (
				6CB2AB532DF3286F00916D24 /* SwiftDate in Frameworks */,
			);
			runOnlyForDeploymentPostprocessing = 0;
		};
		6CB2AB1F2DF31ABE00916D24 /* Frameworks */ = {
			isa = PBXFrameworksBuildPhase;
			buildActionMask = 2147483647;
			files = (
			);
			runOnlyForDeploymentPostprocessing = 0;
		};
		6CB2AB262DF31ABE00916D24 /* Frameworks */ = {
			isa = PBXFrameworksBuildPhase;
			buildActionMask = 2147483647;
			files = (
			);
			runOnlyForDeploymentPostprocessing = 0;
		};
		6CB2AB322DF31ABE00916D24 /* Frameworks */ = {
			isa = PBXFrameworksBuildPhase;
			buildActionMask = 2147483647;
			files = (
			);
			runOnlyForDeploymentPostprocessing = 0;
		};
/* End PBXFrameworksBuildPhase section */

/* Begin PBXGroup section */
		6CB2AB0F2DF31AB000916D24 = {
			isa = PBXGroup;
			children = (
				6CA028D62E019EAD00F1F906 /* spm--iOS--Info.plist */,
				6CA028D52E01968500F1F906 /* spm--macOS--Info.plist */,
				6CB2AB142DF31AB100916D24 /* Shared */,
				6CB2AB232DF31ABE00916D24 /* macOS */,
				6CB2AB2C2DF31ABE00916D24 /* Tests iOS */,
				6CB2AB382DF31ABE00916D24 /* Tests macOS */,
				6CB2AB1D2DF31ABE00916D24 /* Products */,
			);
			sourceTree = "<group>";
		};
		6CB2AB142DF31AB100916D24 /* Shared */ = {
			isa = PBXGroup;
			children = (
				6CB2AB152DF31AB100916D24 /* spmApp.swift */,
				6CB2AB162DF31AB100916D24 /* ContentView.swift */,
				6CB2AB172DF31ABE00916D24 /* Assets.xcassets */,
				6CB2AB542DF353BE00916D24 /* Cinema.swift */,
				6CB2AB572DF3555200916D24 /* CompanySystemViewModel.swift */,
				6C95D3D82E00798600263E37 /* Secrets.xcconfig */,
				6C254F982DF71FD000FE15F5 /* CinemaLaunchScreen.storyboard */,
				6C254F9B2DF7268A00FE15F5 /* MovieOnListView.swift */,
				6CFF8D0B2DF8615600196DFA /* MovieDetails.swift */,
				6CFF8D0E2DF86E7300196DFA /* Stringextensions.swift */,
				6CF3238D2DF9DFB2007E1429 /* Theme.swift */,
				6CF323902DF9E148007E1429 /* ThemeViewModel.swift */,
				6CF323932DF9E19C007E1429 /* ThemeManager.swift */,
				6C75ABA32DFC738200E8EEC3 /* MovieErrors.swift */,
				6C7E3CFD2E003490005E3B54 /* MovieService.swift */,
				6C7E3D002E0034CC005E3B54 /* MovieDTO.swift */,
			);
			path = Shared;
			sourceTree = "<group>";
		};
		6CB2AB1D2DF31ABE00916D24 /* Products */ = {
			isa = PBXGroup;
			children = (
				6CB2AB1C2DF31ABE00916D24 /* spm.app */,
				6CB2AB222DF31ABE00916D24 /* spm.app */,
				6CB2AB292DF31ABE00916D24 /* Tests iOS.xctest */,
				6CB2AB352DF31ABE00916D24 /* Tests macOS.xctest */,
			);
			name = Products;
			sourceTree = "<group>";
		};
		6CB2AB232DF31ABE00916D24 /* macOS */ = {
			isa = PBXGroup;
			children = (
				6CB2AB242DF31ABE00916D24 /* macOS.entitlements */,
			);
			path = macOS;
			sourceTree = "<group>";
		};
		6CB2AB2C2DF31ABE00916D24 /* Tests iOS */ = {
			isa = PBXGroup;
			children = (
				6CB2AB2D2DF31ABE00916D24 /* Tests_iOS.swift */,
				6CB2AB2F2DF31ABE00916D24 /* Tests_iOSLaunchTests.swift */,
			);
			path = "Tests iOS";
			sourceTree = "<group>";
		};
		6CB2AB382DF31ABE00916D24 /* Tests macOS */ = {
			isa = PBXGroup;
			children = (
				6CB2AB392DF31ABE00916D24 /* Tests_macOS.swift */,
				6CB2AB3B2DF31ABE00916D24 /* Tests_macOSLaunchTests.swift */,
			);
			path = "Tests macOS";
			sourceTree = "<group>";
		};
/* End PBXGroup section */

/* Begin PBXNativeTarget section */
		6CB2AB1B2DF31ABE00916D24 /* spm (iOS) */ = {
			isa = PBXNativeTarget;
			buildConfigurationList = 6CB2AB452DF31ABE00916D24 /* Build configuration list for PBXNativeTarget "spm (iOS)" */;
			buildPhases = (
				6CB2AB182DF31ABE00916D24 /* Sources */,
				6CB2AB192DF31ABE00916D24 /* Frameworks */,
				6CB2AB1A2DF31ABE00916D24 /* Resources */,
			);
			buildRules = (
			);
			dependencies = (
			);
			name = "spm (iOS)";
			packageProductDependencies = (
				6CB2AB522DF3286F00916D24 /* SwiftDate */,
			);
			productName = "spm (iOS)";
			productReference = 6CB2AB1C2DF31ABE00916D24 /* spm.app */;
			productType = "com.apple.product-type.application";
		};
		6CB2AB212DF31ABE00916D24 /* spm (macOS) */ = {
			isa = PBXNativeTarget;
			buildConfigurationList = 6CB2AB482DF31ABE00916D24 /* Build configuration list for PBXNativeTarget "spm (macOS)" */;
			buildPhases = (
				6CB2AB1E2DF31ABE00916D24 /* Sources */,
				6CB2AB1F2DF31ABE00916D24 /* Frameworks */,
				6CB2AB202DF31ABE00916D24 /* Resources */,
			);
			buildRules = (
			);
			dependencies = (
			);
			name = "spm (macOS)";
			productName = "spm (macOS)";
			productReference = 6CB2AB222DF31ABE00916D24 /* spm.app */;
			productType = "com.apple.product-type.application";
		};
		6CB2AB282DF31ABE00916D24 /* Tests iOS */ = {
			isa = PBXNativeTarget;
			buildConfigurationList = 6CB2AB4B2DF31ABE00916D24 /* Build configuration list for PBXNativeTarget "Tests iOS" */;
			buildPhases = (
				6CB2AB252DF31ABE00916D24 /* Sources */,
				6CB2AB262DF31ABE00916D24 /* Frameworks */,
				6CB2AB272DF31ABE00916D24 /* Resources */,
			);
			buildRules = (
			);
			dependencies = (
				6CB2AB2B2DF31ABE00916D24 /* PBXTargetDependency */,
			);
			name = "Tests iOS";
			productName = "Tests iOS";
			productReference = 6CB2AB292DF31ABE00916D24 /* Tests iOS.xctest */;
			productType = "com.apple.product-type.bundle.ui-testing";
		};
		6CB2AB342DF31ABE00916D24 /* Tests macOS */ = {
			isa = PBXNativeTarget;
			buildConfigurationList = 6CB2AB4E2DF31ABE00916D24 /* Build configuration list for PBXNativeTarget "Tests macOS" */;
			buildPhases = (
				6CB2AB312DF31ABE00916D24 /* Sources */,
				6CB2AB322DF31ABE00916D24 /* Frameworks */,
				6CB2AB332DF31ABE00916D24 /* Resources */,
			);
			buildRules = (
			);
			dependencies = (
				6CB2AB372DF31ABE00916D24 /* PBXTargetDependency */,
			);
			name = "Tests macOS";
			productName = "Tests macOS";
			productReference = 6CB2AB352DF31ABE00916D24 /* Tests macOS.xctest */;
			productType = "com.apple.product-type.bundle.ui-testing";
		};
/* End PBXNativeTarget section */

/* Begin PBXProject section */
		6CB2AB102DF31AB000916D24 /* Project object */ = {
			isa = PBXProject;
			attributes = {
				BuildIndependentTargetsInParallel = 1;
				LastSwiftUpdateCheck = 1320;
				LastUpgradeCheck = 1320;
				TargetAttributes = {
					6CB2AB1B2DF31ABE00916D24 = {
						CreatedOnToolsVersion = 13.2.1;
					};
					6CB2AB212DF31ABE00916D24 = {
						CreatedOnToolsVersion = 13.2.1;
					};
					6CB2AB282DF31ABE00916D24 = {
						CreatedOnToolsVersion = 13.2.1;
						TestTargetID = 6CB2AB1B2DF31ABE00916D24;
					};
					6CB2AB342DF31ABE00916D24 = {
						CreatedOnToolsVersion = 13.2.1;
						TestTargetID = 6CB2AB212DF31ABE00916D24;
					};
				};
			};
			buildConfigurationList = 6CB2AB132DF31AB000916D24 /* Build configuration list for PBXProject "spm" */;
			compatibilityVersion = "Xcode 13.0";
			developmentRegion = en;
			hasScannedForEncodings = 0;
			knownRegions = (
				en,
				Base,
			);
			mainGroup = 6CB2AB0F2DF31AB000916D24;
			packageReferences = (
				6CB2AB512DF3286E00916D24 /* XCRemoteSwiftPackageReference "SwiftDate" */,
			);
			productRefGroup = 6CB2AB1D2DF31ABE00916D24 /* Products */;
			projectDirPath = "";
			projectRoot = "";
			targets = (
				6CB2AB1B2DF31ABE00916D24 /* spm (iOS) */,
				6CB2AB212DF31ABE00916D24 /* spm (macOS) */,
				6CB2AB282DF31ABE00916D24 /* Tests iOS */,
				6CB2AB342DF31ABE00916D24 /* Tests macOS */,
			);
		};
/* End PBXProject section */

/* Begin PBXResourcesBuildPhase section */
		6CB2AB1A2DF31ABE00916D24 /* Resources */ = {
			isa = PBXResourcesBuildPhase;
			buildActionMask = 2147483647;
			files = (
				6C254F992DF71FD100FE15F5 /* CinemaLaunchScreen.storyboard in Resources */,
				6CB2AB412DF31ABE00916D24 /* Assets.xcassets in Resources */,
				6C95D3D92E00798700263E37 /* Secrets.xcconfig in Resources */,
			);
			runOnlyForDeploymentPostprocessing = 0;
		};
		6CB2AB202DF31ABE00916D24 /* Resources */ = {
			isa = PBXResourcesBuildPhase;
			buildActionMask = 2147483647;
			files = (
				6C254F9A2DF71FD100FE15F5 /* CinemaLaunchScreen.storyboard in Resources */,
				6CB2AB422DF31ABE00916D24 /* Assets.xcassets in Resources */,
				6C95D3DA2E00798700263E37 /* Secrets.xcconfig in Resources */,
			);
			runOnlyForDeploymentPostprocessing = 0;
		};
		6CB2AB272DF31ABE00916D24 /* Resources */ = {
			isa = PBXResourcesBuildPhase;
			buildActionMask = 2147483647;
			files = (
			);
			runOnlyForDeploymentPostprocessing = 0;
		};
		6CB2AB332DF31ABE00916D24 /* Resources */ = {
			isa = PBXResourcesBuildPhase;
			buildActionMask = 2147483647;
			files = (
			);
			runOnlyForDeploymentPostprocessing = 0;
		};
/* End PBXResourcesBuildPhase section */

/* Begin PBXSourcesBuildPhase section */
		6CB2AB182DF31ABE00916D24 /* Sources */ = {
			isa = PBXSourcesBuildPhase;
			buildActionMask = 2147483647;
			files = (
				6C7E3D012E0034CC005E3B54 /* MovieDTO.swift in Sources */,
				6CB2AB552DF353BF00916D24 /* Cinema.swift in Sources */,
				6CF3238E2DF9DFB3007E1429 /* Theme.swift in Sources */,
				6CB2AB3F2DF31ABE00916D24 /* ContentView.swift in Sources */,
				6C254F9C2DF7268B00FE15F5 /* MovieOnListView.swift in Sources */,
				6C75ABA42DFC738200E8EEC3 /* MovieErrors.swift in Sources */,
				6CF323912DF9E148007E1429 /* ThemeViewModel.swift in Sources */,
				6C7E3CFE2E003490005E3B54 /* MovieService.swift in Sources */,
				6CFF8D0F2DF86E7300196DFA /* Stringextensions.swift in Sources */,
				6CB2AB582DF3555200916D24 /* CompanySystemViewModel.swift in Sources */,
				6CF323942DF9E19C007E1429 /* ThemeManager.swift in Sources */,
				6CB2AB3D2DF31ABE00916D24 /* spmApp.swift in Sources */,
				6CFF8D0C2DF8615600196DFA /* MovieDetails.swift in Sources */,
			);
			runOnlyForDeploymentPostprocessing = 0;
		};
		6CB2AB1E2DF31ABE00916D24 /* Sources */ = {
			isa = PBXSourcesBuildPhase;
			buildActionMask = 2147483647;
			files = (
				6C7E3D022E0034CC005E3B54 /* MovieDTO.swift in Sources */,
				6CB2AB562DF353BF00916D24 /* Cinema.swift in Sources */,
				6CF3238F2DF9DFB3007E1429 /* Theme.swift in Sources */,
				6CB2AB402DF31ABE00916D24 /* ContentView.swift in Sources */,
				6C254F9D2DF7268B00FE15F5 /* MovieOnListView.swift in Sources */,
				6C75ABA52DFC738200E8EEC3 /* MovieErrors.swift in Sources */,
				6CF323922DF9E148007E1429 /* ThemeViewModel.swift in Sources */,
				6C7E3CFF2E003490005E3B54 /* MovieService.swift in Sources */,
				6CFF8D102DF86E7300196DFA /* Stringextensions.swift in Sources */,
				6CB2AB592DF3555200916D24 /* CompanySystemViewModel.swift in Sources */,
				6CF323952DF9E19C007E1429 /* ThemeManager.swift in Sources */,
				6CB2AB3E2DF31ABE00916D24 /* spmApp.swift in Sources */,
				6CFF8D0D2DF8615600196DFA /* MovieDetails.swift in Sources */,
			);
			runOnlyForDeploymentPostprocessing = 0;
		};
		6CB2AB252DF31ABE00916D24 /* Sources */ = {
			isa = PBXSourcesBuildPhase;
			buildActionMask = 2147483647;
			files = (
				6CB2AB302DF31ABE00916D24 /* Tests_iOSLaunchTests.swift in Sources */,
				6CB2AB2E2DF31ABE00916D24 /* Tests_iOS.swift in Sources */,
			);
			runOnlyForDeploymentPostprocessing = 0;
		};
		6CB2AB312DF31ABE00916D24 /* Sources */ = {
			isa = PBXSourcesBuildPhase;
			buildActionMask = 2147483647;
			files = (
				6CB2AB3C2DF31ABE00916D24 /* Tests_macOSLaunchTests.swift in Sources */,
				6CB2AB3A2DF31ABE00916D24 /* Tests_macOS.swift in Sources */,
			);
			runOnlyForDeploymentPostprocessing = 0;
		};
/* End PBXSourcesBuildPhase section */

/* Begin PBXTargetDependency section */
		6CB2AB2B2DF31ABE00916D24 /* PBXTargetDependency */ = {
			isa = PBXTargetDependency;
			target = 6CB2AB1B2DF31ABE00916D24 /* spm (iOS) */;
			targetProxy = 6CB2AB2A2DF31ABE00916D24 /* PBXContainerItemProxy */;
		};
		6CB2AB372DF31ABE00916D24 /* PBXTargetDependency */ = {
			isa = PBXTargetDependency;
			target = 6CB2AB212DF31ABE00916D24 /* spm (macOS) */;
			targetProxy = 6CB2AB362DF31ABE00916D24 /* PBXContainerItemProxy */;
		};
/* End PBXTargetDependency section */

/* Begin XCBuildConfiguration section */
		6CB2AB432DF31ABE00916D24 /* Debug */ = {
			isa = XCBuildConfiguration;
			baseConfigurationReference = 6C95D3D82E00798600263E37 /* Secrets.xcconfig */;
			buildSettings = {
				ALWAYS_SEARCH_USER_PATHS = NO;
				CLANG_ANALYZER_NONNULL = YES;
				CLANG_ANALYZER_NUMBER_OBJECT_CONVERSION = YES_AGGRESSIVE;
				CLANG_CXX_LANGUAGE_STANDARD = "gnu++17";
				CLANG_CXX_LIBRARY = "libc++";
				CLANG_ENABLE_MODULES = YES;
				CLANG_ENABLE_OBJC_ARC = YES;
				CLANG_ENABLE_OBJC_WEAK = YES;
				CLANG_WARN_BLOCK_CAPTURE_AUTORELEASING = YES;
				CLANG_WARN_BOOL_CONVERSION = YES;
				CLANG_WARN_COMMA = YES;
				CLANG_WARN_CONSTANT_CONVERSION = YES;
				CLANG_WARN_DEPRECATED_OBJC_IMPLEMENTATIONS = YES;
				CLANG_WARN_DIRECT_OBJC_ISA_USAGE = YES_ERROR;
				CLANG_WARN_DOCUMENTATION_COMMENTS = YES;
				CLANG_WARN_EMPTY_BODY = YES;
				CLANG_WARN_ENUM_CONVERSION = YES;
				CLANG_WARN_INFINITE_RECURSION = YES;
				CLANG_WARN_INT_CONVERSION = YES;
				CLANG_WARN_NON_LITERAL_NULL_CONVERSION = YES;
				CLANG_WARN_OBJC_IMPLICIT_RETAIN_SELF = YES;
				CLANG_WARN_OBJC_LITERAL_CONVERSION = YES;
				CLANG_WARN_OBJC_ROOT_CLASS = YES_ERROR;
				CLANG_WARN_QUOTED_INCLUDE_IN_FRAMEWORK_HEADER = YES;
				CLANG_WARN_RANGE_LOOP_ANALYSIS = YES;
				CLANG_WARN_STRICT_PROTOTYPES = YES;
				CLANG_WARN_SUSPICIOUS_MOVE = YES;
				CLANG_WARN_UNGUARDED_AVAILABILITY = YES_AGGRESSIVE;
				CLANG_WARN_UNREACHABLE_CODE = YES;
				CLANG_WARN__DUPLICATE_METHOD_MATCH = YES;
				COPY_PHASE_STRIP = NO;
				DEBUG_INFORMATION_FORMAT = dwarf;
				ENABLE_STRICT_OBJC_MSGSEND = YES;
				ENABLE_TESTABILITY = YES;
				GCC_C_LANGUAGE_STANDARD = gnu11;
				GCC_DYNAMIC_NO_PIC = NO;
				GCC_NO_COMMON_BLOCKS = YES;
				GCC_OPTIMIZATION_LEVEL = 0;
				GCC_PREPROCESSOR_DEFINITIONS = (
					"DEBUG=1",
					"$(inherited)",
				);
				GCC_WARN_64_TO_32_BIT_CONVERSION = YES;
				GCC_WARN_ABOUT_RETURN_TYPE = YES_ERROR;
				GCC_WARN_UNDECLARED_SELECTOR = YES;
				GCC_WARN_UNINITIALIZED_AUTOS = YES_AGGRESSIVE;
				GCC_WARN_UNUSED_FUNCTION = YES;
				GCC_WARN_UNUSED_VARIABLE = YES;
				MTL_ENABLE_DEBUG_INFO = INCLUDE_SOURCE;
				MTL_FAST_MATH = YES;
				ONLY_ACTIVE_ARCH = YES;
				SWIFT_ACTIVE_COMPILATION_CONDITIONS = DEBUG;
				SWIFT_OPTIMIZATION_LEVEL = "-Onone";
			};
			name = Debug;
		};
		6CB2AB442DF31ABE00916D24 /* Release */ = {
			isa = XCBuildConfiguration;
			baseConfigurationReference = 6C95D3D82E00798600263E37 /* Secrets.xcconfig */;
			buildSettings = {
				ALWAYS_SEARCH_USER_PATHS = NO;
				CLANG_ANALYZER_NONNULL = YES;
				CLANG_ANALYZER_NUMBER_OBJECT_CONVERSION = YES_AGGRESSIVE;
				CLANG_CXX_LANGUAGE_STANDARD = "gnu++17";
				CLANG_CXX_LIBRARY = "libc++";
				CLANG_ENABLE_MODULES = YES;
				CLANG_ENABLE_OBJC_ARC = YES;
				CLANG_ENABLE_OBJC_WEAK = YES;
				CLANG_WARN_BLOCK_CAPTURE_AUTORELEASING = YES;
				CLANG_WARN_BOOL_CONVERSION = YES;
				CLANG_WARN_COMMA = YES;
				CLANG_WARN_CONSTANT_CONVERSION = YES;
				CLANG_WARN_DEPRECATED_OBJC_IMPLEMENTATIONS = YES;
				CLANG_WARN_DIRECT_OBJC_ISA_USAGE = YES_ERROR;
				CLANG_WARN_DOCUMENTATION_COMMENTS = YES;
				CLANG_WARN_EMPTY_BODY = YES;
				CLANG_WARN_ENUM_CONVERSION = YES;
				CLANG_WARN_INFINITE_RECURSION = YES;
				CLANG_WARN_INT_CONVERSION = YES;
				CLANG_WARN_NON_LITERAL_NULL_CONVERSION = YES;
				CLANG_WARN_OBJC_IMPLICIT_RETAIN_SELF = YES;
				CLANG_WARN_OBJC_LITERAL_CONVERSION = YES;
				CLANG_WARN_OBJC_ROOT_CLASS = YES_ERROR;
				CLANG_WARN_QUOTED_INCLUDE_IN_FRAMEWORK_HEADER = YES;
				CLANG_WARN_RANGE_LOOP_ANALYSIS = YES;
				CLANG_WARN_STRICT_PROTOTYPES = YES;
				CLANG_WARN_SUSPICIOUS_MOVE = YES;
				CLANG_WARN_UNGUARDED_AVAILABILITY = YES_AGGRESSIVE;
				CLANG_WARN_UNREACHABLE_CODE = YES;
				CLANG_WARN__DUPLICATE_METHOD_MATCH = YES;
				COPY_PHASE_STRIP = NO;
				DEBUG_INFORMATION_FORMAT = "dwarf-with-dsym";
				ENABLE_NS_ASSERTIONS = NO;
				ENABLE_STRICT_OBJC_MSGSEND = YES;
				GCC_C_LANGUAGE_STANDARD = gnu11;
				GCC_NO_COMMON_BLOCKS = YES;
				GCC_WARN_64_TO_32_BIT_CONVERSION = YES;
				GCC_WARN_ABOUT_RETURN_TYPE = YES_ERROR;
				GCC_WARN_UNDECLARED_SELECTOR = YES;
				GCC_WARN_UNINITIALIZED_AUTOS = YES_AGGRESSIVE;
				GCC_WARN_UNUSED_FUNCTION = YES;
				GCC_WARN_UNUSED_VARIABLE = YES;
				MTL_ENABLE_DEBUG_INFO = NO;
				MTL_FAST_MATH = YES;
				SWIFT_COMPILATION_MODE = wholemodule;
				SWIFT_OPTIMIZATION_LEVEL = "-O";
			};
			name = Release;
		};
		6CB2AB462DF31ABE00916D24 /* Debug */ = {
			isa = XCBuildConfiguration;
			buildSettings = {
				ASSETCATALOG_COMPILER_APPICON_NAME = AppIcon;
				ASSETCATALOG_COMPILER_GLOBAL_ACCENT_COLOR_NAME = AccentColor;
				CODE_SIGN_STYLE = Automatic;
				CURRENT_PROJECT_VERSION = 1;
				ENABLE_PREVIEWS = YES;
				GENERATE_INFOPLIST_FILE = YES;
				INFOPLIST_FILE = "spm--iOS--Info.plist";
				INFOPLIST_KEY_UIApplicationSceneManifest_Generation = YES;
				INFOPLIST_KEY_UIApplicationSupportsIndirectInputEvents = YES;
				INFOPLIST_KEY_UILaunchScreen_Generation = YES;
				INFOPLIST_KEY_UISupportedInterfaceOrientations_iPad = "UIInterfaceOrientationPortrait UIInterfaceOrientationPortraitUpsideDown UIInterfaceOrientationLandscapeLeft UIInterfaceOrientationLandscapeRight";
				INFOPLIST_KEY_UISupportedInterfaceOrientations_iPhone = "UIInterfaceOrientationPortrait UIInterfaceOrientationLandscapeLeft UIInterfaceOrientationLandscapeRight";
				IPHONEOS_DEPLOYMENT_TARGET = 15.2;
				LD_RUNPATH_SEARCH_PATHS = (
					"$(inherited)",
					"@executable_path/Frameworks",
				);
				MARKETING_VERSION = 1.0;
				PRODUCT_BUNDLE_IDENTIFIER = eumesmo.spm;
				PRODUCT_NAME = spm;
				SDKROOT = iphoneos;
				SWIFT_EMIT_LOC_STRINGS = YES;
				SWIFT_VERSION = 5.0;
				TARGETED_DEVICE_FAMILY = "1,2";
			};
			name = Debug;
		};
		6CB2AB472DF31ABE00916D24 /* Release */ = {
			isa = XCBuildConfiguration;
			buildSettings = {
				ASSETCATALOG_COMPILER_APPICON_NAME = AppIcon;
				ASSETCATALOG_COMPILER_GLOBAL_ACCENT_COLOR_NAME = AccentColor;
				CODE_SIGN_STYLE = Automatic;
				CURRENT_PROJECT_VERSION = 1;
				ENABLE_PREVIEWS = YES;
				GENERATE_INFOPLIST_FILE = YES;
				INFOPLIST_FILE = "spm--iOS--Info.plist";
				INFOPLIST_KEY_UIApplicationSceneManifest_Generation = YES;
				INFOPLIST_KEY_UIApplicationSupportsIndirectInputEvents = YES;
				INFOPLIST_KEY_UILaunchScreen_Generation = YES;
				INFOPLIST_KEY_UISupportedInterfaceOrientations_iPad = "UIInterfaceOrientationPortrait UIInterfaceOrientationPortraitUpsideDown UIInterfaceOrientationLandscapeLeft UIInterfaceOrientationLandscapeRight";
				INFOPLIST_KEY_UISupportedInterfaceOrientations_iPhone = "UIInterfaceOrientationPortrait UIInterfaceOrientationLandscapeLeft UIInterfaceOrientationLandscapeRight";
				IPHONEOS_DEPLOYMENT_TARGET = 15.2;
				LD_RUNPATH_SEARCH_PATHS = (
					"$(inherited)",
					"@executable_path/Frameworks",
				);
				MARKETING_VERSION = 1.0;
				PRODUCT_BUNDLE_IDENTIFIER = eumesmo.spm;
				PRODUCT_NAME = spm;
				SDKROOT = iphoneos;
				SWIFT_EMIT_LOC_STRINGS = YES;
				SWIFT_VERSION = 5.0;
				TARGETED_DEVICE_FAMILY = "1,2";
				VALIDATE_PRODUCT = YES;
			};
			name = Release;
		};
		6CB2AB492DF31ABE00916D24 /* Debug */ = {
			isa = XCBuildConfiguration;
			buildSettings = {
				ASSETCATALOG_COMPILER_APPICON_NAME = AppIcon;
				ASSETCATALOG_COMPILER_GLOBAL_ACCENT_COLOR_NAME = AccentColor;
				CODE_SIGN_ENTITLEMENTS = macOS/macOS.entitlements;
				CODE_SIGN_STYLE = Automatic;
				COMBINE_HIDPI_IMAGES = YES;
				CURRENT_PROJECT_VERSION = 1;
				ENABLE_PREVIEWS = YES;
				GENERATE_INFOPLIST_FILE = YES;
				INFOPLIST_FILE = "spm--macOS--Info.plist";
				INFOPLIST_KEY_NSHumanReadableCopyright = "";
				LD_RUNPATH_SEARCH_PATHS = (
					"$(inherited)",
					"@executable_path/../Frameworks",
				);
				MACOSX_DEPLOYMENT_TARGET = 11.7;
				MARKETING_VERSION = 1.0;
				PRODUCT_BUNDLE_IDENTIFIER = eumesmo.spm;
				PRODUCT_NAME = spm;
				SDKROOT = macosx;
				SWIFT_EMIT_LOC_STRINGS = YES;
				SWIFT_VERSION = 5.0;
			};
			name = Debug;
		};
		6CB2AB4A2DF31ABE00916D24 /* Release */ = {
			isa = XCBuildConfiguration;
			buildSettings = {
				ASSETCATALOG_COMPILER_APPICON_NAME = AppIcon;
				ASSETCATALOG_COMPILER_GLOBAL_ACCENT_COLOR_NAME = AccentColor;
				CODE_SIGN_ENTITLEMENTS = macOS/macOS.entitlements;
				CODE_SIGN_STYLE = Automatic;
				COMBINE_HIDPI_IMAGES = YES;
				CURRENT_PROJECT_VERSION = 1;
				ENABLE_PREVIEWS = YES;
				GENERATE_INFOPLIST_FILE = YES;
				INFOPLIST_FILE = "spm--macOS--Info.plist";
				INFOPLIST_KEY_NSHumanReadableCopyright = "";
				LD_RUNPATH_SEARCH_PATHS = (
					"$(inherited)",
					"@executable_path/../Frameworks",
				);
				MACOSX_DEPLOYMENT_TARGET = 11.7;
				MARKETING_VERSION = 1.0;
				PRODUCT_BUNDLE_IDENTIFIER = eumesmo.spm;
				PRODUCT_NAME = spm;
				SDKROOT = macosx;
				SWIFT_EMIT_LOC_STRINGS = YES;
				SWIFT_VERSION = 5.0;
			};
			name = Release;
		};
		6CB2AB4C2DF31ABE00916D24 /* Debug */ = {
			isa = XCBuildConfiguration;
			buildSettings = {
				ALWAYS_EMBED_SWIFT_STANDARD_LIBRARIES = YES;
				CODE_SIGN_STYLE = Automatic;
				CURRENT_PROJECT_VERSION = 1;
				GENERATE_INFOPLIST_FILE = YES;
				IPHONEOS_DEPLOYMENT_TARGET = 15.2;
				MARKETING_VERSION = 1.0;
				PRODUCT_BUNDLE_IDENTIFIER = "eumesmo.Tests-iOS";
				PRODUCT_NAME = "$(TARGET_NAME)";
				SDKROOT = iphoneos;
				SWIFT_EMIT_LOC_STRINGS = NO;
				SWIFT_VERSION = 5.0;
				TARGETED_DEVICE_FAMILY = "1,2";
				TEST_TARGET_NAME = "spm (iOS)";
			};
			name = Debug;
		};
		6CB2AB4D2DF31ABE00916D24 /* Release */ = {
			isa = XCBuildConfiguration;
			buildSettings = {
				ALWAYS_EMBED_SWIFT_STANDARD_LIBRARIES = YES;
				CODE_SIGN_STYLE = Automatic;
				CURRENT_PROJECT_VERSION = 1;
				GENERATE_INFOPLIST_FILE = YES;
				IPHONEOS_DEPLOYMENT_TARGET = 15.2;
				MARKETING_VERSION = 1.0;
				PRODUCT_BUNDLE_IDENTIFIER = "eumesmo.Tests-iOS";
				PRODUCT_NAME = "$(TARGET_NAME)";
				SDKROOT = iphoneos;
				SWIFT_EMIT_LOC_STRINGS = NO;
				SWIFT_VERSION = 5.0;
				TARGETED_DEVICE_FAMILY = "1,2";
				TEST_TARGET_NAME = "spm (iOS)";
				VALIDATE_PRODUCT = YES;
			};
			name = Release;
		};
		6CB2AB4F2DF31ABE00916D24 /* Debug */ = {
			isa = XCBuildConfiguration;
			buildSettings = {
				ALWAYS_EMBED_SWIFT_STANDARD_LIBRARIES = YES;
				CODE_SIGN_STYLE = Automatic;
				CURRENT_PROJECT_VERSION = 1;
				GENERATE_INFOPLIST_FILE = YES;
				MACOSX_DEPLOYMENT_TARGET = 11.7;
				MARKETING_VERSION = 1.0;
				PRODUCT_BUNDLE_IDENTIFIER = "eumesmo.Tests-macOS";
				PRODUCT_NAME = "$(TARGET_NAME)";
				SDKROOT = macosx;
				SWIFT_EMIT_LOC_STRINGS = NO;
				SWIFT_VERSION = 5.0;
				TEST_TARGET_NAME = "spm (macOS)";
			};
			name = Debug;
		};
		6CB2AB502DF31ABE00916D24 /* Release */ = {
			isa = XCBuildConfiguration;
			buildSettings = {
				ALWAYS_EMBED_SWIFT_STANDARD_LIBRARIES = YES;
				CODE_SIGN_STYLE = Automatic;
				CURRENT_PROJECT_VERSION = 1;
				GENERATE_INFOPLIST_FILE = YES;
				MACOSX_DEPLOYMENT_TARGET = 11.7;
				MARKETING_VERSION = 1.0;
				PRODUCT_BUNDLE_IDENTIFIER = "eumesmo.Tests-macOS";
				PRODUCT_NAME = "$(TARGET_NAME)";
				SDKROOT = macosx;
				SWIFT_EMIT_LOC_STRINGS = NO;
				SWIFT_VERSION = 5.0;
				TEST_TARGET_NAME = "spm (macOS)";
			};
			name = Release;
		};
/* End XCBuildConfiguration section */

/* Begin XCConfigurationList section */
		6CB2AB132DF31AB000916D24 /* Build configuration list for PBXProject "spm" */ = {
			isa = XCConfigurationList;
			buildConfigurations = (
				6CB2AB432DF31ABE00916D24 /* Debug */,
				6CB2AB442DF31ABE00916D24 /* Release */,
			);
			defaultConfigurationIsVisible = 0;
			defaultConfigurationName = Release;
		};
		6CB2AB452DF31ABE00916D24 /* Build configuration list for PBXNativeTarget "spm (iOS)" */ = {
			isa = XCConfigurationList;
			buildConfigurations = (
				6CB2AB462DF31ABE00916D24 /* Debug */,
				6CB2AB472DF31ABE00916D24 /* Release */,
			);
			defaultConfigurationIsVisible = 0;
			defaultConfigurationName = Release;
		};
		6CB2AB482DF31ABE00916D24 /* Build configuration list for PBXNativeTarget "spm (macOS)" */ = {
			isa = XCConfigurationList;
			buildConfigurations = (
				6CB2AB492DF31ABE00916D24 /* Debug */,
				6CB2AB4A2DF31ABE00916D24 /* Release */,
			);
			defaultConfigurationIsVisible = 0;
			defaultConfigurationName = Release;
		};
		6CB2AB4B2DF31ABE00916D24 /* Build configuration list for PBXNativeTarget "Tests iOS" */ = {
			isa = XCConfigurationList;
			buildConfigurations = (
				6CB2AB4C2DF31ABE00916D24 /* Debug */,
				6CB2AB4D2DF31ABE00916D24 /* Release */,
			);
			defaultConfigurationIsVisible = 0;
			defaultConfigurationName = Release;
		};
		6CB2AB4E2DF31ABE00916D24 /* Build configuration list for PBXNativeTarget "Tests macOS" */ = {
			isa = XCConfigurationList;
			buildConfigurations = (
				6CB2AB4F2DF31ABE00916D24 /* Debug */,
				6CB2AB502DF31ABE00916D24 /* Release */,
			);
			defaultConfigurationIsVisible = 0;
			defaultConfigurationName = Release;
		};
/* End XCConfigurationList section */

/* Begin XCRemoteSwiftPackageReference section */
		6CB2AB512DF3286E00916D24 /* XCRemoteSwiftPackageReference "SwiftDate" */ = {
			isa = XCRemoteSwiftPackageReference;
			repositoryURL = "https://github.com/malcommac/SwiftDate.git";
			requirement = {
				kind = upToNextMinorVersion;
				minimumVersion = 7.0.0;
			};
		};
/* End XCRemoteSwiftPackageReference section */

/* Begin XCSwiftPackageProductDependency section */
		6CB2AB522DF3286F00916D24 /* SwiftDate */ = {
			isa = XCSwiftPackageProductDependency;
			package = 6CB2AB512DF3286E00916D24 /* XCRemoteSwiftPackageReference "SwiftDate" */;
			productName = SwiftDate;
		};
/* End XCSwiftPackageProductDependency section */
	};
	rootObject = 6CB2AB102DF31AB000916D24 /* Project object */;
}
