// !$*UTF8*$!
{
	archiveVersion = 1;
	classes = {
	};
	objectVersion = 77;
	objects = {

/* Begin PBXBuildFile section */
		6CB868A12E0AF70600C6591B /* SwiftDate in Frameworks */ = {isa = PBXBuildFile; productRef = 6CB868A02E0AF70600C6591B /* SwiftDate */; };
/* End PBXBuildFile section */

/* Begin PBXContainerItemProxy section */
		6CB8685D2E0AE9EA00C6591B /* PBXContainerItemProxy */ = {
			isa = PBXContainerItemProxy;
			containerPortal = 6CB8683E2E0AE9E800C6591B /* Project object */;
			proxyType = 1;
			remoteGlobalIDString = 6CB868452E0AE9E800C6591B;
			remoteInfo = usingUIKit;
		};
		6CB868672E0AE9EA00C6591B /* PBXContainerItemProxy */ = {
			isa = PBXContainerItemProxy;
			containerPortal = 6CB8683E2E0AE9E800C6591B /* Project object */;
			proxyType = 1;
			remoteGlobalIDString = 6CB868452E0AE9E800C6591B;
			remoteInfo = usingUIKit;
		};
/* End PBXContainerItemProxy section */

/* Begin PBXFileReference section */
		6CB868462E0AE9E800C6591B /* usingUIKit.app */ = {isa = PBXFileReference; explicitFileType = wrapper.application; includeInIndex = 0; path = usingUIKit.app; sourceTree = BUILT_PRODUCTS_DIR; };
		6CB8685C2E0AE9EA00C6591B /* usingUIKitTests.xctest */ = {isa = PBXFileReference; explicitFileType = wrapper.cfbundle; includeInIndex = 0; path = usingUIKitTests.xctest; sourceTree = BUILT_PRODUCTS_DIR; };
		6CB868662E0AE9EA00C6591B /* usingUIKitUITests.xctest */ = {isa = PBXFileReference; explicitFileType = wrapper.cfbundle; includeInIndex = 0; path = usingUIKitUITests.xctest; sourceTree = BUILT_PRODUCTS_DIR; };
/* End PBXFileReference section */

/* Begin PBXFileSystemSynchronizedBuildFileExceptionSet section */
		6CB8686E2E0AE9EA00C6591B /* Exceptions for "usingUIKit" folder in "usingUIKit" target */ = {
			isa = PBXFileSystemSynchronizedBuildFileExceptionSet;
			membershipExceptions = (
				Info.plist,
			);
			target = 6CB868452E0AE9E800C6591B /* usingUIKit */;
		};
/* End PBXFileSystemSynchronizedBuildFileExceptionSet section */

/* Begin PBXFileSystemSynchronizedRootGroup section */
		6CB868482E0AE9E800C6591B /* usingUIKit */ = {
			isa = PBXFileSystemSynchronizedRootGroup;
			exceptions = (
				6CB8686E2E0AE9EA00C6591B /* Exceptions for "usingUIKit" folder in "usingUIKit" target */,
			);
			path = usingUIKit;
			sourceTree = "<group>";
		};
		6CB8685F2E0AE9EA00C6591B /* usingUIKitTests */ = {
			isa = PBXFileSystemSynchronizedRootGroup;
			path = usingUIKitTests;
			sourceTree = "<group>";
		};
		6CB868692E0AE9EA00C6591B /* usingUIKitUITests */ = {
			isa = PBXFileSystemSynchronizedRootGroup;
			path = usingUIKitUITests;
			sourceTree = "<group>";
		};
/* End PBXFileSystemSynchronizedRootGroup section */

/* Begin PBXFrameworksBuildPhase section */
		6CB868432E0AE9E800C6591B /* Frameworks */ = {
			isa = PBXFrameworksBuildPhase;
			buildActionMask = 2147483647;
			files = (
				6CB868A12E0AF70600C6591B /* SwiftDate in Frameworks */,
			);
			runOnlyForDeploymentPostprocessing = 0;
		};
		6CB868592E0AE9EA00C6591B /* Frameworks */ = {
			isa = PBXFrameworksBuildPhase;
			buildActionMask = 2147483647;
			files = (
			);
			runOnlyForDeploymentPostprocessing = 0;
		};
		6CB868632E0AE9EA00C6591B /* Frameworks */ = {
			isa = PBXFrameworksBuildPhase;
			buildActionMask = 2147483647;
			files = (
			);
			runOnlyForDeploymentPostprocessing = 0;
		};
/* End PBXFrameworksBuildPhase section */

/* Begin PBXGroup section */
		6CB8683D2E0AE9E800C6591B = {
			isa = PBXGroup;
			children = (
				6CB868482E0AE9E800C6591B /* usingUIKit */,
				6CB8685F2E0AE9EA00C6591B /* usingUIKitTests */,
				6CB868692E0AE9EA00C6591B /* usingUIKitUITests */,
				6CB868472E0AE9E800C6591B /* Products */,
			);
			sourceTree = "<group>";
		};
		6CB868472E0AE9E800C6591B /* Products */ = {
			isa = PBXGroup;
			children = (
				6CB868462E0AE9E800C6591B /* usingUIKit.app */,
				6CB8685C2E0AE9EA00C6591B /* usingUIKitTests.xctest */,
				6CB868662E0AE9EA00C6591B /* usingUIKitUITests.xctest */,
			);
			name = Products;
			sourceTree = "<group>";
		};
/* End PBXGroup section */

/* Begin PBXNativeTarget section */
		6CB868452E0AE9E800C6591B /* usingUIKit */ = {
			isa = PBXNativeTarget;
			buildConfigurationList = 6CB8686F2E0AE9EA00C6591B /* Build configuration list for PBXNativeTarget "usingUIKit" */;
			buildPhases = (
				6CB868422E0AE9E800C6591B /* Sources */,
				6CB868432E0AE9E800C6591B /* Frameworks */,
				6CB868442E0AE9E800C6591B /* Resources */,
			);
			buildRules = (
			);
			dependencies = (
			);
			fileSystemSynchronizedGroups = (
				6CB868482E0AE9E800C6591B /* usingUIKit */,
			);
			name = usingUIKit;
			packageProductDependencies = (
				6CB868A02E0AF70600C6591B /* SwiftDate */,
			);
			productName = usingUIKit;
			productReference = 6CB868462E0AE9E800C6591B /* usingUIKit.app */;
			productType = "com.apple.product-type.application";
		};
		6CB8685B2E0AE9EA00C6591B /* usingUIKitTests */ = {
			isa = PBXNativeTarget;
			buildConfigurationList = 6CB868742E0AE9EA00C6591B /* Build configuration list for PBXNativeTarget "usingUIKitTests" */;
			buildPhases = (
				6CB868582E0AE9EA00C6591B /* Sources */,
				6CB868592E0AE9EA00C6591B /* Frameworks */,
				6CB8685A2E0AE9EA00C6591B /* Resources */,
			);
			buildRules = (
			);
			dependencies = (
				6CB8685E2E0AE9EA00C6591B /* PBXTargetDependency */,
			);
			fileSystemSynchronizedGroups = (
				6CB8685F2E0AE9EA00C6591B /* usingUIKitTests */,
			);
			name = usingUIKitTests;
			packageProductDependencies = (
			);
			productName = usingUIKitTests;
			productReference = 6CB8685C2E0AE9EA00C6591B /* usingUIKitTests.xctest */;
			productType = "com.apple.product-type.bundle.unit-test";
		};
		6CB868652E0AE9EA00C6591B /* usingUIKitUITests */ = {
			isa = PBXNativeTarget;
			buildConfigurationList = 6CB868772E0AE9EA00C6591B /* Build configuration list for PBXNativeTarget "usingUIKitUITests" */;
			buildPhases = (
				6CB868622E0AE9EA00C6591B /* Sources */,
				6CB868632E0AE9EA00C6591B /* Frameworks */,
				6CB868642E0AE9EA00C6591B /* Resources */,
			);
			buildRules = (
			);
			dependencies = (
				6CB868682E0AE9EA00C6591B /* PBXTargetDependency */,
			);
			fileSystemSynchronizedGroups = (
				6CB868692E0AE9EA00C6591B /* usingUIKitUITests */,
			);
			name = usingUIKitUITests;
			packageProductDependencies = (
			);
			productName = usingUIKitUITests;
			productReference = 6CB868662E0AE9EA00C6591B /* usingUIKitUITests.xctest */;
			productType = "com.apple.product-type.bundle.ui-testing";
		};
/* End PBXNativeTarget section */

/* Begin PBXProject section */
		6CB8683E2E0AE9E800C6591B /* Project object */ = {
			isa = PBXProject;
			attributes = {
				BuildIndependentTargetsInParallel = 1;
				LastSwiftUpdateCheck = 1640;
				LastUpgradeCheck = 1640;
				TargetAttributes = {
					6CB868452E0AE9E800C6591B = {
						CreatedOnToolsVersion = 16.4;
					};
					6CB8685B2E0AE9EA00C6591B = {
						CreatedOnToolsVersion = 16.4;
						TestTargetID = 6CB868452E0AE9E800C6591B;
					};
					6CB868652E0AE9EA00C6591B = {
						CreatedOnToolsVersion = 16.4;
						TestTargetID = 6CB868452E0AE9E800C6591B;
					};
				};
			};
			buildConfigurationList = 6CB868412E0AE9E800C6591B /* Build configuration list for PBXProject "usingUIKit" */;
			developmentRegion = en;
			hasScannedForEncodings = 0;
			knownRegions = (
				en,
				Base,
			);
			mainGroup = 6CB8683D2E0AE9E800C6591B;
			minimizedProjectReferenceProxies = 1;
			packageReferences = (
				6CB8689F2E0AF27000C6591B /* XCRemoteSwiftPackageReference "SwiftDate" */,
			);
			preferredProjectObjectVersion = 77;
			productRefGroup = 6CB868472E0AE9E800C6591B /* Products */;
			projectDirPath = "";
			projectRoot = "";
			targets = (
				6CB868452E0AE9E800C6591B /* usingUIKit */,
				6CB8685B2E0AE9EA00C6591B /* usingUIKitTests */,
				6CB868652E0AE9EA00C6591B /* usingUIKitUITests */,
			);
		};
/* End PBXProject section */

/* Begin PBXResourcesBuildPhase section */
		6CB868442E0AE9E800C6591B /* Resources */ = {
			isa = PBXResourcesBuildPhase;
			buildActionMask = 2147483647;
			files = (
			);
			runOnlyForDeploymentPostprocessing = 0;
		};
		6CB8685A2E0AE9EA00C6591B /* Resources */ = {
			isa = PBXResourcesBuildPhase;
			buildActionMask = 2147483647;
			files = (
			);
			runOnlyForDeploymentPostprocessing = 0;
		};
		6CB868642E0AE9EA00C6591B /* Resources */ = {
			isa = PBXResourcesBuildPhase;
			buildActionMask = 2147483647;
			files = (
			);
			runOnlyForDeploymentPostprocessing = 0;
		};
/* End PBXResourcesBuildPhase section */

/* Begin PBXSourcesBuildPhase section */
		6CB868422E0AE9E800C6591B /* Sources */ = {
			isa = PBXSourcesBuildPhase;
			buildActionMask = 2147483647;
			files = (
			);
			runOnlyForDeploymentPostprocessing = 0;
		};
		6CB868582E0AE9EA00C6591B /* Sources */ = {
			isa = PBXSourcesBuildPhase;
			buildActionMask = 2147483647;
			files = (
			);
			runOnlyForDeploymentPostprocessing = 0;
		};
		6CB868622E0AE9EA00C6591B /* Sources */ = {
			isa = PBXSourcesBuildPhase;
			buildActionMask = 2147483647;
			files = (
			);
			runOnlyForDeploymentPostprocessing = 0;
		};
/* End PBXSourcesBuildPhase section */

/* Begin PBXTargetDependency section */
		6CB8685E2E0AE9EA00C6591B /* PBXTargetDependency */ = {
			isa = PBXTargetDependency;
			target = 6CB868452E0AE9E800C6591B /* usingUIKit */;
			targetProxy = 6CB8685D2E0AE9EA00C6591B /* PBXContainerItemProxy */;
		};
		6CB868682E0AE9EA00C6591B /* PBXTargetDependency */ = {
			isa = PBXTargetDependency;
			target = 6CB868452E0AE9E800C6591B /* usingUIKit */;
			targetProxy = 6CB868672E0AE9EA00C6591B /* PBXContainerItemProxy */;
		};
/* End PBXTargetDependency section */

/* Begin XCBuildConfiguration section */
		6CB868702E0AE9EA00C6591B /* Debug */ = {
			isa = XCBuildConfiguration;
			buildSettings = {
				ASSETCATALOG_COMPILER_APPICON_NAME = AppIcon;
				ASSETCATALOG_COMPILER_GLOBAL_ACCENT_COLOR_NAME = AccentColor;
				CODE_SIGN_STYLE = Automatic;
				CURRENT_PROJECT_VERSION = 1;
				GENERATE_INFOPLIST_FILE = YES;
				INFOPLIST_FILE = usingUIKit/Info.plist;
				INFOPLIST_KEY_UIApplicationSupportsIndirectInputEvents = YES;
				INFOPLIST_KEY_UILaunchStoryboardName = LaunchScreen;
				INFOPLIST_KEY_UISupportedInterfaceOrientations_iPad = "UIInterfaceOrientationPortrait UIInterfaceOrientationPortraitUpsideDown UIInterfaceOrientationLandscapeLeft UIInterfaceOrientationLandscapeRight";
				INFOPLIST_KEY_UISupportedInterfaceOrientations_iPhone = "UIInterfaceOrientationPortrait UIInterfaceOrientationLandscapeLeft UIInterfaceOrientationLandscapeRight";
				LD_RUNPATH_SEARCH_PATHS = (
					"$(inherited)",
					"@executable_path/Frameworks",
				);
				MARKETING_VERSION = 1.0;
				PRODUCT_BUNDLE_IDENTIFIER = my.organization.usingUIKit;
				PRODUCT_NAME = "$(TARGET_NAME)";
				SWIFT_EMIT_LOC_STRINGS = YES;
				SWIFT_VERSION = 5.0;
				TARGETED_DEVICE_FAMILY = "1,2";
			};
			name = Debug;
		};
		6CB868712E0AE9EA00C6591B /* Release */ = {
			isa = XCBuildConfiguration;
			buildSettings = {
				ASSETCATALOG_COMPILER_APPICON_NAME = AppIcon;
				ASSETCATALOG_COMPILER_GLOBAL_ACCENT_COLOR_NAME = AccentColor;
				CODE_SIGN_STYLE = Automatic;
				CURRENT_PROJECT_VERSION = 1;
				GENERATE_INFOPLIST_FILE = YES;
				INFOPLIST_FILE = usingUIKit/Info.plist;
				INFOPLIST_KEY_UIApplicationSupportsIndirectInputEvents = YES;
				INFOPLIST_KEY_UILaunchStoryboardName = LaunchScreen;
				INFOPLIST_KEY_UISupportedInterfaceOrientations_iPad = "UIInterfaceOrientationPortrait UIInterfaceOrientationPortraitUpsideDown UIInterfaceOrientationLandscapeLeft UIInterfaceOrientationLandscapeRight";
				INFOPLIST_KEY_UISupportedInterfaceOrientations_iPhone = "UIInterfaceOrientationPortrait UIInterfaceOrientationLandscapeLeft UIInterfaceOrientationLandscapeRight";
				LD_RUNPATH_SEARCH_PATHS = (
					"$(inherited)",
					"@executable_path/Frameworks",
				);
				MARKETING_VERSION = 1.0;
				PRODUCT_BUNDLE_IDENTIFIER = my.organization.usingUIKit;
				PRODUCT_NAME = "$(TARGET_NAME)";
				SWIFT_EMIT_LOC_STRINGS = YES;
				SWIFT_VERSION = 5.0;
				TARGETED_DEVICE_FAMILY = "1,2";
			};
			name = Release;
		};
		6CB868722E0AE9EA00C6591B /* Debug */ = {
			isa = XCBuildConfiguration;
			baseConfigurationReferenceAnchor = 6CB868482E0AE9E800C6591B /* usingUIKit */;
			baseConfigurationReferenceRelativePath = Secrets.xcconfig;
			buildSettings = {
				ALWAYS_SEARCH_USER_PATHS = NO;
				ASSETCATALOG_COMPILER_GENERATE_SWIFT_ASSET_SYMBOL_EXTENSIONS = YES;
				CLANG_ANALYZER_NONNULL = YES;
				CLANG_ANALYZER_NUMBER_OBJECT_CONVERSION = YES_AGGRESSIVE;
				CLANG_CXX_LANGUAGE_STANDARD = "gnu++20";
				CLANG_ENABLE_MODULES = YES;
				CLANG_ENABLE_OBJC_ARC = YES;
				CLANG_ENABLE_OBJC_WEAK = YES;
				CLANG_WARN_BLOCK_CAPTURE_AUTORELEASING = YES;
				CLANG_WARN_BOOL_CONVERSION = YES;
				CLANG_WARN_COMMA = YES;
				CLANG_WARN_CONSTANT_CONVERSION = YES;
				CLANG_WARN_DEPRECATED_OBJC_IMPLEMENTATIONS = YES;
				CLANG_WARN_DIRECT_OBJC_ISA_USAGE = YES_ERROR;
				CLANG_WARN_DOCUMENTATION_COMMENTS = YES;
				CLANG_WARN_EMPTY_BODY = YES;
				CLANG_WARN_ENUM_CONVERSION = YES;
				CLANG_WARN_INFINITE_RECURSION = YES;
				CLANG_WARN_INT_CONVERSION = YES;
				CLANG_WARN_NON_LITERAL_NULL_CONVERSION = YES;
				CLANG_WARN_OBJC_IMPLICIT_RETAIN_SELF = YES;
				CLANG_WARN_OBJC_LITERAL_CONVERSION = YES;
				CLANG_WARN_OBJC_ROOT_CLASS = YES_ERROR;
				CLANG_WARN_QUOTED_INCLUDE_IN_FRAMEWORK_HEADER = YES;
				CLANG_WARN_RANGE_LOOP_ANALYSIS = YES;
				CLANG_WARN_STRICT_PROTOTYPES = YES;
				CLANG_WARN_SUSPICIOUS_MOVE = YES;
				CLANG_WARN_UNGUARDED_AVAILABILITY = YES_AGGRESSIVE;
				CLANG_WARN_UNREACHABLE_CODE = YES;
				CLANG_WARN__DUPLICATE_METHOD_MATCH = YES;
				COPY_PHASE_STRIP = NO;
				DEBUG_INFORMATION_FORMAT = dwarf;
				ENABLE_STRICT_OBJC_MSGSEND = YES;
				ENABLE_TESTABILITY = YES;
				ENABLE_USER_SCRIPT_SANDBOXING = YES;
				GCC_C_LANGUAGE_STANDARD = gnu17;
				GCC_DYNAMIC_NO_PIC = NO;
				GCC_NO_COMMON_BLOCKS = YES;
				GCC_OPTIMIZATION_LEVEL = 0;
				GCC_PREPROCESSOR_DEFINITIONS = (
					"DEBUG=1",
					"$(inherited)",
				);
				GCC_WARN_64_TO_32_BIT_CONVERSION = YES;
				GCC_WARN_ABOUT_RETURN_TYPE = YES_ERROR;
				GCC_WARN_UNDECLARED_SELECTOR = YES;
				GCC_WARN_UNINITIALIZED_AUTOS = YES_AGGRESSIVE;
				GCC_WARN_UNUSED_FUNCTION = YES;
				GCC_WARN_UNUSED_VARIABLE = YES;
				IPHONEOS_DEPLOYMENT_TARGET = 18.5;
				LOCALIZATION_PREFERS_STRING_CATALOGS = YES;
				MTL_ENABLE_DEBUG_INFO = INCLUDE_SOURCE;
				MTL_FAST_MATH = YES;
				ONLY_ACTIVE_ARCH = YES;
				SDKROOT = iphoneos;
				SWIFT_ACTIVE_COMPILATION_CONDITIONS = "DEBUG $(inherited)";
				SWIFT_OPTIMIZATION_LEVEL = "-Onone";
			};
			name = Debug;
		};
		6CB868732E0AE9EA00C6591B /* Release */ = {
			isa = XCBuildConfiguration;
			baseConfigurationReferenceAnchor = 6CB868482E0AE9E800C6591B /* usingUIKit */;
			baseConfigurationReferenceRelativePath = Secrets.xcconfig;
			buildSettings = {
				ALWAYS_SEARCH_USER_PATHS = NO;
				ASSETCATALOG_COMPILER_GENERATE_SWIFT_ASSET_SYMBOL_EXTENSIONS = YES;
				CLANG_ANALYZER_NONNULL = YES;
				CLANG_ANALYZER_NUMBER_OBJECT_CONVERSION = YES_AGGRESSIVE;
				CLANG_CXX_LANGUAGE_STANDARD = "gnu++20";
				CLANG_ENABLE_MODULES = YES;
				CLANG_ENABLE_OBJC_ARC = YES;
				CLANG_ENABLE_OBJC_WEAK = YES;
				CLANG_WARN_BLOCK_CAPTURE_AUTORELEASING = YES;
				CLANG_WARN_BOOL_CONVERSION = YES;
				CLANG_WARN_COMMA = YES;
				CLANG_WARN_CONSTANT_CONVERSION = YES;
				CLANG_WARN_DEPRECATED_OBJC_IMPLEMENTATIONS = YES;
				CLANG_WARN_DIRECT_OBJC_ISA_USAGE = YES_ERROR;
				CLANG_WARN_DOCUMENTATION_COMMENTS = YES;
				CLANG_WARN_EMPTY_BODY = YES;
				CLANG_WARN_ENUM_CONVERSION = YES;
				CLANG_WARN_INFINITE_RECURSION = YES;
				CLANG_WARN_INT_CONVERSION = YES;
				CLANG_WARN_NON_LITERAL_NULL_CONVERSION = YES;
				CLANG_WARN_OBJC_IMPLICIT_RETAIN_SELF = YES;
				CLANG_WARN_OBJC_LITERAL_CONVERSION = YES;
				CLANG_WARN_OBJC_ROOT_CLASS = YES_ERROR;
				CLANG_WARN_QUOTED_INCLUDE_IN_FRAMEWORK_HEADER = YES;
				CLANG_WARN_RANGE_LOOP_ANALYSIS = YES;
				CLANG_WARN_STRICT_PROTOTYPES = YES;
				CLANG_WARN_SUSPICIOUS_MOVE = YES;
				CLANG_WARN_UNGUARDED_AVAILABILITY = YES_AGGRESSIVE;
				CLANG_WARN_UNREACHABLE_CODE = YES;
				CLANG_WARN__DUPLICATE_METHOD_MATCH = YES;
				COPY_PHASE_STRIP = NO;
				DEBUG_INFORMATION_FORMAT = "dwarf-with-dsym";
				ENABLE_NS_ASSERTIONS = NO;
				ENABLE_STRICT_OBJC_MSGSEND = YES;
				ENABLE_USER_SCRIPT_SANDBOXING = YES;
				GCC_C_LANGUAGE_STANDARD = gnu17;
				GCC_NO_COMMON_BLOCKS = YES;
				GCC_WARN_64_TO_32_BIT_CONVERSION = YES;
				GCC_WARN_ABOUT_RETURN_TYPE = YES_ERROR;
				GCC_WARN_UNDECLARED_SELECTOR = YES;
				GCC_WARN_UNINITIALIZED_AUTOS = YES_AGGRESSIVE;
				GCC_WARN_UNUSED_FUNCTION = YES;
				GCC_WARN_UNUSED_VARIABLE = YES;
				IPHONEOS_DEPLOYMENT_TARGET = 18.5;
				LOCALIZATION_PREFERS_STRING_CATALOGS = YES;
				MTL_ENABLE_DEBUG_INFO = NO;
				MTL_FAST_MATH = YES;
				SDKROOT = iphoneos;
				SWIFT_COMPILATION_MODE = wholemodule;
				VALIDATE_PRODUCT = YES;
			};
			name = Release;
		};
		6CB868752E0AE9EA00C6591B /* Debug */ = {
			isa = XCBuildConfiguration;
			buildSettings = {
				BUNDLE_LOADER = "$(TEST_HOST)";
				CODE_SIGN_STYLE = Automatic;
				CURRENT_PROJECT_VERSION = 1;
				GENERATE_INFOPLIST_FILE = YES;
				IPHONEOS_DEPLOYMENT_TARGET = 18.5;
				MARKETING_VERSION = 1.0;
				PRODUCT_BUNDLE_IDENTIFIER = my.organization.usingUIKitTests;
				PRODUCT_NAME = "$(TARGET_NAME)";
				SWIFT_EMIT_LOC_STRINGS = NO;
				SWIFT_VERSION = 5.0;
				TARGETED_DEVICE_FAMILY = "1,2";
				TEST_HOST = "$(BUILT_PRODUCTS_DIR)/usingUIKit.app/$(BUNDLE_EXECUTABLE_FOLDER_PATH)/usingUIKit";
			};
			name = Debug;
		};
		6CB868762E0AE9EA00C6591B /* Release */ = {
			isa = XCBuildConfiguration;
			buildSettings = {
				BUNDLE_LOADER = "$(TEST_HOST)";
				CODE_SIGN_STYLE = Automatic;
				CURRENT_PROJECT_VERSION = 1;
				GENERATE_INFOPLIST_FILE = YES;
				IPHONEOS_DEPLOYMENT_TARGET = 18.5;
				MARKETING_VERSION = 1.0;
				PRODUCT_BUNDLE_IDENTIFIER = my.organization.usingUIKitTests;
				PRODUCT_NAME = "$(TARGET_NAME)";
				SWIFT_EMIT_LOC_STRINGS = NO;
				SWIFT_VERSION = 5.0;
				TARGETED_DEVICE_FAMILY = "1,2";
				TEST_HOST = "$(BUILT_PRODUCTS_DIR)/usingUIKit.app/$(BUNDLE_EXECUTABLE_FOLDER_PATH)/usingUIKit";
			};
			name = Release;
		};
		6CB868782E0AE9EA00C6591B /* Debug */ = {
			isa = XCBuildConfiguration;
			buildSettings = {
				CODE_SIGN_STYLE = Automatic;
				CURRENT_PROJECT_VERSION = 1;
				GENERATE_INFOPLIST_FILE = YES;
				MARKETING_VERSION = 1.0;
				PRODUCT_BUNDLE_IDENTIFIER = my.organization.usingUIKitUITests;
				PRODUCT_NAME = "$(TARGET_NAME)";
				SWIFT_EMIT_LOC_STRINGS = NO;
				SWIFT_VERSION = 5.0;
				TARGETED_DEVICE_FAMILY = "1,2";
				TEST_TARGET_NAME = usingUIKit;
			};
			name = Debug;
		};
		6CB868792E0AE9EA00C6591B /* Release */ = {
			isa = XCBuildConfiguration;
			buildSettings = {
				CODE_SIGN_STYLE = Automatic;
				CURRENT_PROJECT_VERSION = 1;
				GENERATE_INFOPLIST_FILE = YES;
				MARKETING_VERSION = 1.0;
				PRODUCT_BUNDLE_IDENTIFIER = my.organization.usingUIKitUITests;
				PRODUCT_NAME = "$(TARGET_NAME)";
				SWIFT_EMIT_LOC_STRINGS = NO;
				SWIFT_VERSION = 5.0;
				TARGETED_DEVICE_FAMILY = "1,2";
				TEST_TARGET_NAME = usingUIKit;
			};
			name = Release;
		};
/* End XCBuildConfiguration section */

/* Begin XCConfigurationList section */
		6CB868412E0AE9E800C6591B /* Build configuration list for PBXProject "usingUIKit" */ = {
			isa = XCConfigurationList;
			buildConfigurations = (
				6CB868722E0AE9EA00C6591B /* Debug */,
				6CB868732E0AE9EA00C6591B /* Release */,
			);
			defaultConfigurationIsVisible = 0;
			defaultConfigurationName = Release;
		};
		6CB8686F2E0AE9EA00C6591B /* Build configuration list for PBXNativeTarget "usingUIKit" */ = {
			isa = XCConfigurationList;
			buildConfigurations = (
				6CB868702E0AE9EA00C6591B /* Debug */,
				6CB868712E0AE9EA00C6591B /* Release */,
			);
			defaultConfigurationIsVisible = 0;
			defaultConfigurationName = Release;
		};
		6CB868742E0AE9EA00C6591B /* Build configuration list for PBXNativeTarget "usingUIKitTests" */ = {
			isa = XCConfigurationList;
			buildConfigurations = (
				6CB868752E0AE9EA00C6591B /* Debug */,
				6CB868762E0AE9EA00C6591B /* Release */,
			);
			defaultConfigurationIsVisible = 0;
			defaultConfigurationName = Release;
		};
		6CB868772E0AE9EA00C6591B /* Build configuration list for PBXNativeTarget "usingUIKitUITests" */ = {
			isa = XCConfigurationList;
			buildConfigurations = (
				6CB868782E0AE9EA00C6591B /* Debug */,
				6CB868792E0AE9EA00C6591B /* Release */,
			);
			defaultConfigurationIsVisible = 0;
			defaultConfigurationName = Release;
		};
/* End XCConfigurationList section */

/* Begin XCRemoteSwiftPackageReference section */
		6CB8689F2E0AF27000C6591B /* XCRemoteSwiftPackageReference "SwiftDate" */ = {
			isa = XCRemoteSwiftPackageReference;
			repositoryURL = "https://github.com/malcommac/SwiftDate";
			requirement = {
				kind = upToNextMajorVersion;
				minimumVersion = 7.0.0;
			};
		};
/* End XCRemoteSwiftPackageReference section */

/* Begin XCSwiftPackageProductDependency section */
		6CB868A02E0AF70600C6591B /* SwiftDate */ = {
			isa = XCSwiftPackageProductDependency;
			package = 6CB8689F2E0AF27000C6591B /* XCRemoteSwiftPackageReference "SwiftDate" */;
			productName = SwiftDate;
		};
/* End XCSwiftPackageProductDependency section */
	};
	rootObject = 6CB8683E2E0AE9E800C6591B /* Project object */;
}
